// !$*UTF8*$!
{
	archiveVersion = 1;
	classes = {
	};
	objectVersion = 50;
	objects = {

/* Begin PBXBuildFile section */
		1405E89F21F426F400FBDD71 /* Mesh.cpp in Sources */ = {isa = PBXBuildFile; fileRef = 1405E89D21F426F400FBDD71 /* Mesh.cpp */; };
		1405E8A321F432FF00FBDD71 /* ComponentEvent.cpp in Sources */ = {isa = PBXBuildFile; fileRef = 1405E8A221F432FF00FBDD71 /* ComponentEvent.cpp */; };
		141098ED22D0C5F800C9F982 /* FeedbackSystem.cpp in Sources */ = {isa = PBXBuildFile; fileRef = 141098EC22D0C5F800C9F982 /* FeedbackSystem.cpp */; };
		141098F022D0CE4900C9F982 /* GLFeedback.cpp in Sources */ = {isa = PBXBuildFile; fileRef = 141098EF22D0CE4900C9F982 /* GLFeedback.cpp */; };
		141098F222D0E28700C9F982 /* BaseFeedback.cpp in Sources */ = {isa = PBXBuildFile; fileRef = 141098F122D0E28700C9F982 /* BaseFeedback.cpp */; };
		1415B6D9222A4FB100C7E37B /* Animator.cpp in Sources */ = {isa = PBXBuildFile; fileRef = 1415B6D7222A4FB100C7E37B /* Animator.cpp */; };
		1415B6DC222A5B2A00C7E37B /* AnimationSystem.cpp in Sources */ = {isa = PBXBuildFile; fileRef = 1415B6DB222A5B2A00C7E37B /* AnimationSystem.cpp */; };
		1452D79521E99742001AD1CA /* MeshSystem.cpp in Sources */ = {isa = PBXBuildFile; fileRef = 1452D79421E99742001AD1CA /* MeshSystem.cpp */; };
		1469977F220F14B600F4C802 /* BaseLight.cpp in Sources */ = {isa = PBXBuildFile; fileRef = 1469977E220F14B600F4C802 /* BaseLight.cpp */; };
		147BBAF9222277EF00B3079B /* HierarchyPanel.cpp in Sources */ = {isa = PBXBuildFile; fileRef = 147BBAF8222277EE00B3079B /* HierarchyPanel.cpp */; };
		148177B621D8A86D0037E11D /* Transform.cpp in Sources */ = {isa = PBXBuildFile; fileRef = 148177B421D8A86C0037E11D /* Transform.cpp */; };
		148177B921D8CB5E0037E11D /* TransformSystem.cpp in Sources */ = {isa = PBXBuildFile; fileRef = 148177B821D8CB5E0037E11D /* TransformSystem.cpp */; };
		1486090422C8EC8000DD1B96 /* BinaryFileUtils.cpp in Sources */ = {isa = PBXBuildFile; fileRef = 1486090222C8EC8000DD1B96 /* BinaryFileUtils.cpp */; };
		1486090622C8ED2600DD1B96 /* libflatbuffers.a in Frameworks */ = {isa = PBXBuildFile; fileRef = 1486090522C8ED2600DD1B96 /* libflatbuffers.a */; };
		148C358C227ADD16008CB8B1 /* BaseRenderCommand.cpp in Sources */ = {isa = PBXBuildFile; fileRef = 148C358B227ADD16008CB8B1 /* BaseRenderCommand.cpp */; };
		148C358F227AFC62008CB8B1 /* SkinnedRenderCommand.cpp in Sources */ = {isa = PBXBuildFile; fileRef = 148C358E227AFC62008CB8B1 /* SkinnedRenderCommand.cpp */; };
		14941422221EF7B200A735DA /* libassimp.4.1.0.dylib in Frameworks */ = {isa = PBXBuildFile; fileRef = 14FF768421C4B6D80008462D /* libassimp.4.1.0.dylib */; };
		149C01FF21F4AF910011DAE2 /* GLProgramCache.cpp in Sources */ = {isa = PBXBuildFile; fileRef = 149C01FE21F4AF910011DAE2 /* GLProgramCache.cpp */; };
		14A08F5D22FE9787009D7D71 /* AnimatorComputeProgram.cpp in Sources */ = {isa = PBXBuildFile; fileRef = 14A08F5B22FE9787009D7D71 /* AnimatorComputeProgram.cpp */; };
		14B1AA832258AD99000AB04E /* SkinnedMeshRenderer.cpp in Sources */ = {isa = PBXBuildFile; fileRef = 14B1AA822258AD99000AB04E /* SkinnedMeshRenderer.cpp */; };
		14B3F7F022F7CE2F008C0AE6 /* BaseComputeProgram.cpp in Sources */ = {isa = PBXBuildFile; fileRef = 14B3F7EF22F7CE2F008C0AE6 /* BaseComputeProgram.cpp */; };
		14B45A21220C227400FE5777 /* BaseBoundBox.cpp in Sources */ = {isa = PBXBuildFile; fileRef = 14B45A1F220C227400FE5777 /* BaseBoundBox.cpp */; };
		14B45A24220C25AD00FE5777 /* AABBBoundBox.cpp in Sources */ = {isa = PBXBuildFile; fileRef = 14B45A23220C25AD00FE5777 /* AABBBoundBox.cpp */; };
		14B45A27220C269800FE5777 /* BoundBoxSystem.cpp in Sources */ = {isa = PBXBuildFile; fileRef = 14B45A25220C269800FE5777 /* BoundBoxSystem.cpp */; };
		14B6AA112324E00700B2A01B /* SkeletonAnimation.cpp in Sources */ = {isa = PBXBuildFile; fileRef = 14B6AA102324E00700B2A01B /* SkeletonAnimation.cpp */; };
		14B84BD82310D587000DEC36 /* Skeleton.cpp in Sources */ = {isa = PBXBuildFile; fileRef = 14B84BD72310D586000DEC36 /* Skeleton.cpp */; };
		14B8C7FB232532960052B571 /* AssimpConvert.cpp in Sources */ = {isa = PBXBuildFile; fileRef = 14B8C7FA232532960052B571 /* AssimpConvert.cpp */; };
		14B902F121BA9CCB00554B0B /* libglfw3.a in Frameworks */ = {isa = PBXBuildFile; fileRef = 14B902F021BA9CCB00554B0B /* libglfw3.a */; };
		14B902F321BA9CD900554B0B /* OpenGL.framework in Frameworks */ = {isa = PBXBuildFile; fileRef = 14B902F221BA9CD900554B0B /* OpenGL.framework */; };
		14B902F521BA9CE500554B0B /* CoreVideo.framework in Frameworks */ = {isa = PBXBuildFile; fileRef = 14B902F421BA9CE500554B0B /* CoreVideo.framework */; };
		14B902F721BA9CED00554B0B /* Cocoa.framework in Frameworks */ = {isa = PBXBuildFile; fileRef = 14B902F621BA9CED00554B0B /* Cocoa.framework */; };
		14B902F921BA9CF800554B0B /* IOKit.framework in Frameworks */ = {isa = PBXBuildFile; fileRef = 14B902F821BA9CF800554B0B /* IOKit.framework */; };
		14B9067D21BABC8F00554B0B /* glad.c in Sources */ = {isa = PBXBuildFile; fileRef = 14B904D221BABC8E00554B0B /* glad.c */; };
		14B9068121BABC8F00554B0B /* BaseEntity.cpp in Sources */ = {isa = PBXBuildFile; fileRef = 14B9065921BABC8F00554B0B /* BaseEntity.cpp */; };
		14B9068221BABC8F00554B0B /* RenderSystem.cpp in Sources */ = {isa = PBXBuildFile; fileRef = 14B9065B21BABC8F00554B0B /* RenderSystem.cpp */; };
		14B9068321BABC8F00554B0B /* Material.cpp in Sources */ = {isa = PBXBuildFile; fileRef = 14B9066221BABC8F00554B0B /* Material.cpp */; };
		14B9068421BABC8F00554B0B /* BaseRender.cpp in Sources */ = {isa = PBXBuildFile; fileRef = 14B9066321BABC8F00554B0B /* BaseRender.cpp */; };
		14B9068521BABC8F00554B0B /* BaseComponent.cpp in Sources */ = {isa = PBXBuildFile; fileRef = 14B9066421BABC8F00554B0B /* BaseComponent.cpp */; };
		14B9068621BABC8F00554B0B /* Utils.cpp in Sources */ = {isa = PBXBuildFile; fileRef = 14B9066821BABC8F00554B0B /* Utils.cpp */; };
		14B9068721BABC8F00554B0B /* AutoReleasePool.cpp in Sources */ = {isa = PBXBuildFile; fileRef = 14B9066B21BABC8F00554B0B /* AutoReleasePool.cpp */; };
		14B9068821BABC8F00554B0B /* ECSManager.cpp in Sources */ = {isa = PBXBuildFile; fileRef = 14B9066C21BABC8F00554B0B /* ECSManager.cpp */; };
		14B9068921BABC8F00554B0B /* Reference.cpp in Sources */ = {isa = PBXBuildFile; fileRef = 14B9067021BABC8F00554B0B /* Reference.cpp */; };
		14B9068A21BABC8F00554B0B /* Image.cpp in Sources */ = {isa = PBXBuildFile; fileRef = 14B9067521BABC8F00554B0B /* Image.cpp */; };
		14B9068B21BABC8F00554B0B /* GLProgram.cpp in Sources */ = {isa = PBXBuildFile; fileRef = 14B9067621BABC8F00554B0B /* GLProgram.cpp */; };
		14B9068C21BABC8F00554B0B /* Texture2D.cpp in Sources */ = {isa = PBXBuildFile; fileRef = 14B9067721BABC8F00554B0B /* Texture2D.cpp */; };
		14B9068D21BABC8F00554B0B /* main.cpp in Sources */ = {isa = PBXBuildFile; fileRef = 14B9067B21BABC8F00554B0B /* main.cpp */; };
		14BE47A32201EE0500EFE57C /* Camera.cpp in Sources */ = {isa = PBXBuildFile; fileRef = 14BE47A12201EE0500EFE57C /* Camera.cpp */; };
		14BE47A62201EE6600EFE57C /* CameraSystem.cpp in Sources */ = {isa = PBXBuildFile; fileRef = 14BE47A42201EE6600EFE57C /* CameraSystem.cpp */; };
		14C1CCFF21FF517000470798 /* FileUtils.cpp in Sources */ = {isa = PBXBuildFile; fileRef = 14C1CCFE21FF517000470798 /* FileUtils.cpp */; };
		14C23F35226C64DC00AFE69B /* MaterialCache.cpp in Sources */ = {isa = PBXBuildFile; fileRef = 14C23F34226C64DC00AFE69B /* MaterialCache.cpp */; };
		14C29E8A220FDF0300A514BE /* DirectionalLight.cpp in Sources */ = {isa = PBXBuildFile; fileRef = 14C29E89220FDF0300A514BE /* DirectionalLight.cpp */; };
		14C29E8D220FFB9E00A514BE /* PointLight.cpp in Sources */ = {isa = PBXBuildFile; fileRef = 14C29E8C220FFB9E00A514BE /* PointLight.cpp */; };
		14C29E902210345600A514BE /* SpotLight.cpp in Sources */ = {isa = PBXBuildFile; fileRef = 14C29E8F2210345600A514BE /* SpotLight.cpp */; };
		14C29E93221035A300A514BE /* LightSystem.cpp in Sources */ = {isa = PBXBuildFile; fileRef = 14C29E92221035A300A514BE /* LightSystem.cpp */; };
		14CDFD1822058FFE00A42823 /* Model.cpp in Sources */ = {isa = PBXBuildFile; fileRef = 14CDFD1622058FFD00A42823 /* Model.cpp */; };
		14D46D22220096D900E21D4C /* TextureCache.cpp in Sources */ = {isa = PBXBuildFile; fileRef = 14D46D20220096D900E21D4C /* TextureCache.cpp */; };
		14DC853B22242AFF0051B944 /* GameStatusPanel.cpp in Sources */ = {isa = PBXBuildFile; fileRef = 14DC853922242AFF0051B944 /* GameStatusPanel.cpp */; };
		14E143172208115B001A2EB1 /* GLStateCache.cpp in Sources */ = {isa = PBXBuildFile; fileRef = 14E143152208115B001A2EB1 /* GLStateCache.cpp */; };
		14E1431A22084724001A2EB1 /* ModelCache.cpp in Sources */ = {isa = PBXBuildFile; fileRef = 14E1431822084723001A2EB1 /* ModelCache.cpp */; };
		14E349D221C647AA00EB5785 /* Pass.cpp in Sources */ = {isa = PBXBuildFile; fileRef = 14E349D121C647AA00EB5785 /* Pass.cpp */; };
		14E349D421C658CA00EB5785 /* GLDefine.cpp in Sources */ = {isa = PBXBuildFile; fileRef = 14E349D321C658CA00EB5785 /* GLDefine.cpp */; };
		14E723E621E8C31E002A8A89 /* MeshFilter.cpp in Sources */ = {isa = PBXBuildFile; fileRef = 14E723E421E8C31E002A8A89 /* MeshFilter.cpp */; };
		14EB11822220184D00D3C29D /* imgui_impl_glfw_gl3.cpp in Sources */ = {isa = PBXBuildFile; fileRef = 14EB11802220184D00D3C29D /* imgui_impl_glfw_gl3.cpp */; };
		14EB11832220184D00D3C29D /* imgui_draw.cpp in Sources */ = {isa = PBXBuildFile; fileRef = 14EB11812220184D00D3C29D /* imgui_draw.cpp */; };
		14EB11852220185800D3C29D /* imgui.cpp in Sources */ = {isa = PBXBuildFile; fileRef = 14EB11842220185800D3C29D /* imgui.cpp */; };
		14EB1187222019C000D3C29D /* GUIFramework.cpp in Sources */ = {isa = PBXBuildFile; fileRef = 14EB1186222019C000D3C29D /* GUIFramework.cpp */; };
		14EB118922201A8B00D3C29D /* BaseGUIPanel.cpp in Sources */ = {isa = PBXBuildFile; fileRef = 14EB118822201A8B00D3C29D /* BaseGUIPanel.cpp */; };
		14EB118C22202A0100D3C29D /* InspectorPanel.cpp in Sources */ = {isa = PBXBuildFile; fileRef = 14EB118A22202A0100D3C29D /* InspectorPanel.cpp */; };
		14F240B922D2E54B008A67F4 /* AnimatorFeedback.cpp in Sources */ = {isa = PBXBuildFile; fileRef = 14F240B822D2E54B008A67F4 /* AnimatorFeedback.cpp */; };
		14FCCDB122F53049006ECEA0 /* GLComputeProgram.cpp in Sources */ = {isa = PBXBuildFile; fileRef = 14FCCDAF22F53049006ECEA0 /* GLComputeProgram.cpp */; };
/* End PBXBuildFile section */

/* Begin PBXCopyFilesBuildPhase section */
		14275C0821B8A8580027A8BB /* CopyFiles */ = {
			isa = PBXCopyFilesBuildPhase;
			buildActionMask = 2147483647;
			dstPath = /usr/share/man/man1/;
			dstSubfolderSpec = 0;
			files = (
			);
			runOnlyForDeploymentPostprocessing = 1;
		};
/* End PBXCopyFilesBuildPhase section */

/* Begin PBXFileReference section */
		1405E89D21F426F400FBDD71 /* Mesh.cpp */ = {isa = PBXFileReference; fileEncoding = 4; lastKnownFileType = sourcecode.cpp.cpp; path = Mesh.cpp; sourceTree = "<group>"; };
		1405E89E21F426F400FBDD71 /* Mesh.h */ = {isa = PBXFileReference; fileEncoding = 4; lastKnownFileType = sourcecode.c.h; path = Mesh.h; sourceTree = "<group>"; };
		1405E8A121F432FF00FBDD71 /* ComponentEvent.h */ = {isa = PBXFileReference; fileEncoding = 4; lastKnownFileType = sourcecode.c.h; path = ComponentEvent.h; sourceTree = "<group>"; };
		1405E8A221F432FF00FBDD71 /* ComponentEvent.cpp */ = {isa = PBXFileReference; fileEncoding = 4; lastKnownFileType = sourcecode.cpp.cpp; path = ComponentEvent.cpp; sourceTree = "<group>"; };
		141098EB22D0C5F800C9F982 /* FeedbackSystem.h */ = {isa = PBXFileReference; fileEncoding = 4; lastKnownFileType = sourcecode.c.h; path = FeedbackSystem.h; sourceTree = "<group>"; };
		141098EC22D0C5F800C9F982 /* FeedbackSystem.cpp */ = {isa = PBXFileReference; fileEncoding = 4; lastKnownFileType = sourcecode.cpp.cpp; path = FeedbackSystem.cpp; sourceTree = "<group>"; };
		141098EE22D0CE4900C9F982 /* GLFeedback.h */ = {isa = PBXFileReference; fileEncoding = 4; lastKnownFileType = sourcecode.c.h; path = GLFeedback.h; sourceTree = "<group>"; };
		141098EF22D0CE4900C9F982 /* GLFeedback.cpp */ = {isa = PBXFileReference; fileEncoding = 4; lastKnownFileType = sourcecode.cpp.cpp; path = GLFeedback.cpp; sourceTree = "<group>"; };
		141098F122D0E28700C9F982 /* BaseFeedback.cpp */ = {isa = PBXFileReference; fileEncoding = 4; lastKnownFileType = sourcecode.cpp.cpp; path = BaseFeedback.cpp; sourceTree = "<group>"; };
		1415B6D4222A2FD100C7E37B /* Rescale.h */ = {isa = PBXFileReference; fileEncoding = 4; lastKnownFileType = sourcecode.c.h; path = Rescale.h; sourceTree = "<group>"; };
		1415B6D5222A2FD100C7E37B /* Assimp.h */ = {isa = PBXFileReference; fileEncoding = 4; lastKnownFileType = sourcecode.c.h; path = Assimp.h; sourceTree = "<group>"; };
		1415B6D7222A4FB100C7E37B /* Animator.cpp */ = {isa = PBXFileReference; fileEncoding = 4; lastKnownFileType = sourcecode.cpp.cpp; path = Animator.cpp; sourceTree = "<group>"; };
		1415B6D8222A4FB100C7E37B /* Animator.h */ = {isa = PBXFileReference; fileEncoding = 4; lastKnownFileType = sourcecode.c.h; path = Animator.h; sourceTree = "<group>"; };
		1415B6DA222A5B2900C7E37B /* AnimationSystem.h */ = {isa = PBXFileReference; fileEncoding = 4; lastKnownFileType = sourcecode.c.h; path = AnimationSystem.h; sourceTree = "<group>"; };
		1415B6DB222A5B2A00C7E37B /* AnimationSystem.cpp */ = {isa = PBXFileReference; fileEncoding = 4; lastKnownFileType = sourcecode.cpp.cpp; path = AnimationSystem.cpp; sourceTree = "<group>"; };
		14275C0A21B8A8580027A8BB /* ShaderBrowser */ = {isa = PBXFileReference; explicitFileType = "compiled.mach-o.executable"; includeInIndex = 0; path = ShaderBrowser; sourceTree = BUILT_PRODUCTS_DIR; };
		1452D79321E99703001AD1CA /* MeshSystem.h */ = {isa = PBXFileReference; fileEncoding = 4; lastKnownFileType = sourcecode.c.h; path = MeshSystem.h; sourceTree = "<group>"; };
		1452D79421E99742001AD1CA /* MeshSystem.cpp */ = {isa = PBXFileReference; fileEncoding = 4; lastKnownFileType = sourcecode.cpp.cpp; path = MeshSystem.cpp; sourceTree = "<group>"; };
		1469977D220F14B600F4C802 /* BaseLight.h */ = {isa = PBXFileReference; fileEncoding = 4; lastKnownFileType = sourcecode.c.h; path = BaseLight.h; sourceTree = "<group>"; };
		1469977E220F14B600F4C802 /* BaseLight.cpp */ = {isa = PBXFileReference; fileEncoding = 4; lastKnownFileType = sourcecode.cpp.cpp; path = BaseLight.cpp; sourceTree = "<group>"; };
		147BBAF7222277EE00B3079B /* HierarchyPanel.h */ = {isa = PBXFileReference; fileEncoding = 4; lastKnownFileType = sourcecode.c.h; path = HierarchyPanel.h; sourceTree = "<group>"; };
		147BBAF8222277EE00B3079B /* HierarchyPanel.cpp */ = {isa = PBXFileReference; fileEncoding = 4; lastKnownFileType = sourcecode.cpp.cpp; path = HierarchyPanel.cpp; sourceTree = "<group>"; };
		148177B421D8A86C0037E11D /* Transform.cpp */ = {isa = PBXFileReference; fileEncoding = 4; lastKnownFileType = sourcecode.cpp.cpp; path = Transform.cpp; sourceTree = "<group>"; };
		148177B521D8A86C0037E11D /* Transform.h */ = {isa = PBXFileReference; fileEncoding = 4; lastKnownFileType = sourcecode.c.h; path = Transform.h; sourceTree = "<group>"; };
		148177B721D8CB5E0037E11D /* TransformSystem.h */ = {isa = PBXFileReference; fileEncoding = 4; lastKnownFileType = sourcecode.c.h; path = TransformSystem.h; sourceTree = "<group>"; };
		148177B821D8CB5E0037E11D /* TransformSystem.cpp */ = {isa = PBXFileReference; fileEncoding = 4; lastKnownFileType = sourcecode.cpp.cpp; path = TransformSystem.cpp; sourceTree = "<group>"; };
		1486090222C8EC8000DD1B96 /* BinaryFileUtils.cpp */ = {isa = PBXFileReference; fileEncoding = 4; lastKnownFileType = sourcecode.cpp.cpp; path = BinaryFileUtils.cpp; sourceTree = "<group>"; };
		1486090322C8EC8000DD1B96 /* BinaryFileUtils.h */ = {isa = PBXFileReference; fileEncoding = 4; lastKnownFileType = sourcecode.c.h; path = BinaryFileUtils.h; sourceTree = "<group>"; };
		1486090522C8ED2600DD1B96 /* libflatbuffers.a */ = {isa = PBXFileReference; lastKnownFileType = archive.ar; name = libflatbuffers.a; path = ShaderBrowser/src/Plugins/flatbuffer/lib/mac/libflatbuffers.a; sourceTree = "<group>"; };
		148C358A227AC4E7008CB8B1 /* BaseRenderCommand.h */ = {isa = PBXFileReference; lastKnownFileType = sourcecode.c.h; path = BaseRenderCommand.h; sourceTree = "<group>"; };
		148C358B227ADD16008CB8B1 /* BaseRenderCommand.cpp */ = {isa = PBXFileReference; fileEncoding = 4; lastKnownFileType = sourcecode.cpp.cpp; path = BaseRenderCommand.cpp; sourceTree = "<group>"; };
		148C358D227AFC62008CB8B1 /* SkinnedRenderCommand.h */ = {isa = PBXFileReference; fileEncoding = 4; lastKnownFileType = sourcecode.c.h; path = SkinnedRenderCommand.h; sourceTree = "<group>"; };
		148C358E227AFC62008CB8B1 /* SkinnedRenderCommand.cpp */ = {isa = PBXFileReference; fileEncoding = 4; lastKnownFileType = sourcecode.cpp.cpp; path = SkinnedRenderCommand.cpp; sourceTree = "<group>"; };
		149C01FD21F4AA320011DAE2 /* GLProgramCache.h */ = {isa = PBXFileReference; lastKnownFileType = sourcecode.c.h; path = GLProgramCache.h; sourceTree = "<group>"; };
		149C01FE21F4AF910011DAE2 /* GLProgramCache.cpp */ = {isa = PBXFileReference; fileEncoding = 4; lastKnownFileType = sourcecode.cpp.cpp; path = GLProgramCache.cpp; sourceTree = "<group>"; };
		149F476022D0C103001C4294 /* BaseFeedback.h */ = {isa = PBXFileReference; lastKnownFileType = sourcecode.c.h; path = BaseFeedback.h; sourceTree = "<group>"; };
		14A08F5B22FE9787009D7D71 /* AnimatorComputeProgram.cpp */ = {isa = PBXFileReference; fileEncoding = 4; lastKnownFileType = sourcecode.cpp.cpp; path = AnimatorComputeProgram.cpp; sourceTree = "<group>"; };
		14A08F5C22FE9787009D7D71 /* AnimatorComputeProgram.h */ = {isa = PBXFileReference; fileEncoding = 4; lastKnownFileType = sourcecode.c.h; path = AnimatorComputeProgram.h; sourceTree = "<group>"; };
		14B1AA812258AD99000AB04E /* SkinnedMeshRenderer.h */ = {isa = PBXFileReference; fileEncoding = 4; lastKnownFileType = sourcecode.c.h; path = SkinnedMeshRenderer.h; sourceTree = "<group>"; };
		14B1AA822258AD99000AB04E /* SkinnedMeshRenderer.cpp */ = {isa = PBXFileReference; fileEncoding = 4; lastKnownFileType = sourcecode.cpp.cpp; path = SkinnedMeshRenderer.cpp; sourceTree = "<group>"; };
		14B3F7ED22F7CD9F008C0AE6 /* BaseComputeProgram.h */ = {isa = PBXFileReference; lastKnownFileType = sourcecode.c.h; path = BaseComputeProgram.h; sourceTree = "<group>"; };
		14B3F7EF22F7CE2F008C0AE6 /* BaseComputeProgram.cpp */ = {isa = PBXFileReference; fileEncoding = 4; lastKnownFileType = sourcecode.cpp.cpp; path = BaseComputeProgram.cpp; sourceTree = "<group>"; };
		14B45A1F220C227400FE5777 /* BaseBoundBox.cpp */ = {isa = PBXFileReference; fileEncoding = 4; lastKnownFileType = sourcecode.cpp.cpp; path = BaseBoundBox.cpp; sourceTree = "<group>"; };
		14B45A20220C227400FE5777 /* BaseBoundBox.h */ = {isa = PBXFileReference; fileEncoding = 4; lastKnownFileType = sourcecode.c.h; path = BaseBoundBox.h; sourceTree = "<group>"; };
		14B45A22220C25AD00FE5777 /* AABBBoundBox.h */ = {isa = PBXFileReference; fileEncoding = 4; lastKnownFileType = sourcecode.c.h; path = AABBBoundBox.h; sourceTree = "<group>"; };
		14B45A23220C25AD00FE5777 /* AABBBoundBox.cpp */ = {isa = PBXFileReference; fileEncoding = 4; lastKnownFileType = sourcecode.cpp.cpp; path = AABBBoundBox.cpp; sourceTree = "<group>"; };
		14B45A25220C269800FE5777 /* BoundBoxSystem.cpp */ = {isa = PBXFileReference; fileEncoding = 4; lastKnownFileType = sourcecode.cpp.cpp; path = BoundBoxSystem.cpp; sourceTree = "<group>"; };
		14B45A26220C269800FE5777 /* BoundBoxSystem.h */ = {isa = PBXFileReference; fileEncoding = 4; lastKnownFileType = sourcecode.c.h; path = BoundBoxSystem.h; sourceTree = "<group>"; };
		14B6AA0F2324DF2500B2A01B /* SkeletonAnimation.h */ = {isa = PBXFileReference; fileEncoding = 4; lastKnownFileType = sourcecode.c.h; path = SkeletonAnimation.h; sourceTree = "<group>"; };
		14B6AA102324E00700B2A01B /* SkeletonAnimation.cpp */ = {isa = PBXFileReference; fileEncoding = 4; lastKnownFileType = sourcecode.cpp.cpp; path = SkeletonAnimation.cpp; sourceTree = "<group>"; };
		14B84BD62310D586000DEC36 /* Skeleton.h */ = {isa = PBXFileReference; fileEncoding = 4; lastKnownFileType = sourcecode.c.h; path = Skeleton.h; sourceTree = "<group>"; };
		14B84BD72310D586000DEC36 /* Skeleton.cpp */ = {isa = PBXFileReference; fileEncoding = 4; lastKnownFileType = sourcecode.cpp.cpp; path = Skeleton.cpp; sourceTree = "<group>"; };
		14B8C7F9232532850052B571 /* AssimpConvert.h */ = {isa = PBXFileReference; fileEncoding = 4; lastKnownFileType = sourcecode.c.h; path = AssimpConvert.h; sourceTree = "<group>"; };
		14B8C7FA232532960052B571 /* AssimpConvert.cpp */ = {isa = PBXFileReference; fileEncoding = 4; lastKnownFileType = sourcecode.cpp.cpp; path = AssimpConvert.cpp; sourceTree = "<group>"; };
		14B902F021BA9CCB00554B0B /* libglfw3.a */ = {isa = PBXFileReference; lastKnownFileType = archive.ar; name = libglfw3.a; path = ShaderBrowser/src/Plugins/GLFW/lib/mac/libglfw3.a; sourceTree = "<group>"; };
		14B902F221BA9CD900554B0B /* OpenGL.framework */ = {isa = PBXFileReference; lastKnownFileType = wrapper.framework; name = OpenGL.framework; path = System/Library/Frameworks/OpenGL.framework; sourceTree = SDKROOT; };
		14B902F421BA9CE500554B0B /* CoreVideo.framework */ = {isa = PBXFileReference; lastKnownFileType = wrapper.framework; name = CoreVideo.framework; path = System/Library/Frameworks/CoreVideo.framework; sourceTree = SDKROOT; };
		14B902F621BA9CED00554B0B /* Cocoa.framework */ = {isa = PBXFileReference; lastKnownFileType = wrapper.framework; name = Cocoa.framework; path = System/Library/Frameworks/Cocoa.framework; sourceTree = SDKROOT; };
		14B902F821BA9CF800554B0B /* IOKit.framework */ = {isa = PBXFileReference; lastKnownFileType = wrapper.framework; name = IOKit.framework; path = System/Library/Frameworks/IOKit.framework; sourceTree = SDKROOT; };
		14B904D221BABC8E00554B0B /* glad.c */ = {isa = PBXFileReference; fileEncoding = 4; lastKnownFileType = sourcecode.c.c; path = glad.c; sourceTree = "<group>"; };
		14B904DA21BABC8E00554B0B /* libglfw3.a */ = {isa = PBXFileReference; lastKnownFileType = archive.ar; path = libglfw3.a; sourceTree = "<group>"; };
		14B904DC21BABC8E00554B0B /* glfw3.lib */ = {isa = PBXFileReference; lastKnownFileType = archive.ar; path = glfw3.lib; sourceTree = "<group>"; };
		14B9065821BABC8F00554B0B /* BaseEntity.h */ = {isa = PBXFileReference; fileEncoding = 4; lastKnownFileType = sourcecode.c.h; path = BaseEntity.h; sourceTree = "<group>"; };
		14B9065921BABC8F00554B0B /* BaseEntity.cpp */ = {isa = PBXFileReference; fileEncoding = 4; lastKnownFileType = sourcecode.cpp.cpp; path = BaseEntity.cpp; sourceTree = "<group>"; };
		14B9065B21BABC8F00554B0B /* RenderSystem.cpp */ = {isa = PBXFileReference; fileEncoding = 4; lastKnownFileType = sourcecode.cpp.cpp; path = RenderSystem.cpp; sourceTree = "<group>"; };
		14B9065C21BABC8F00554B0B /* RenderSystem.h */ = {isa = PBXFileReference; fileEncoding = 4; lastKnownFileType = sourcecode.c.h; path = RenderSystem.h; sourceTree = "<group>"; };
		14B9065E21BABC8F00554B0B /* BaseComponent.h */ = {isa = PBXFileReference; fileEncoding = 4; lastKnownFileType = sourcecode.c.h; path = BaseComponent.h; sourceTree = "<group>"; };
		14B9066021BABC8F00554B0B /* Material.h */ = {isa = PBXFileReference; fileEncoding = 4; lastKnownFileType = sourcecode.c.h; path = Material.h; sourceTree = "<group>"; };
		14B9066121BABC8F00554B0B /* BaseRender.h */ = {isa = PBXFileReference; fileEncoding = 4; lastKnownFileType = sourcecode.c.h; path = BaseRender.h; sourceTree = "<group>"; };
		14B9066221BABC8F00554B0B /* Material.cpp */ = {isa = PBXFileReference; fileEncoding = 4; lastKnownFileType = sourcecode.cpp.cpp; path = Material.cpp; sourceTree = "<group>"; };
		14B9066321BABC8F00554B0B /* BaseRender.cpp */ = {isa = PBXFileReference; fileEncoding = 4; lastKnownFileType = sourcecode.cpp.cpp; path = BaseRender.cpp; sourceTree = "<group>"; };
		14B9066421BABC8F00554B0B /* BaseComponent.cpp */ = {isa = PBXFileReference; fileEncoding = 4; lastKnownFileType = sourcecode.cpp.cpp; path = BaseComponent.cpp; sourceTree = "<group>"; };
		14B9066721BABC8F00554B0B /* Utils.h */ = {isa = PBXFileReference; fileEncoding = 4; lastKnownFileType = sourcecode.c.h; path = Utils.h; sourceTree = "<group>"; };
		14B9066821BABC8F00554B0B /* Utils.cpp */ = {isa = PBXFileReference; fileEncoding = 4; lastKnownFileType = sourcecode.cpp.cpp; path = Utils.cpp; sourceTree = "<group>"; };
		14B9066A21BABC8F00554B0B /* ECSManager.h */ = {isa = PBXFileReference; fileEncoding = 4; lastKnownFileType = sourcecode.c.h; path = ECSManager.h; sourceTree = "<group>"; };
		14B9066B21BABC8F00554B0B /* AutoReleasePool.cpp */ = {isa = PBXFileReference; fileEncoding = 4; lastKnownFileType = sourcecode.cpp.cpp; path = AutoReleasePool.cpp; sourceTree = "<group>"; };
		14B9066C21BABC8F00554B0B /* ECSManager.cpp */ = {isa = PBXFileReference; fileEncoding = 4; lastKnownFileType = sourcecode.cpp.cpp; path = ECSManager.cpp; sourceTree = "<group>"; };
		14B9066D21BABC8F00554B0B /* AutoReleasePool.h */ = {isa = PBXFileReference; fileEncoding = 4; lastKnownFileType = sourcecode.c.h; path = AutoReleasePool.h; sourceTree = "<group>"; };
		14B9066E21BABC8F00554B0B /* BaseSystem.h */ = {isa = PBXFileReference; fileEncoding = 4; lastKnownFileType = sourcecode.c.h; path = BaseSystem.h; sourceTree = "<group>"; };
		14B9067021BABC8F00554B0B /* Reference.cpp */ = {isa = PBXFileReference; fileEncoding = 4; lastKnownFileType = sourcecode.cpp.cpp; path = Reference.cpp; sourceTree = "<group>"; };
		14B9067121BABC8F00554B0B /* Reference.h */ = {isa = PBXFileReference; fileEncoding = 4; lastKnownFileType = sourcecode.c.h; path = Reference.h; sourceTree = "<group>"; };
		14B9067221BABC8F00554B0B /* CommonDefine.h */ = {isa = PBXFileReference; fileEncoding = 4; lastKnownFileType = sourcecode.c.h; path = CommonDefine.h; sourceTree = "<group>"; };
		14B9067421BABC8F00554B0B /* Texture2D.h */ = {isa = PBXFileReference; fileEncoding = 4; lastKnownFileType = sourcecode.c.h; path = Texture2D.h; sourceTree = "<group>"; };
		14B9067521BABC8F00554B0B /* Image.cpp */ = {isa = PBXFileReference; fileEncoding = 4; lastKnownFileType = sourcecode.cpp.cpp; path = Image.cpp; sourceTree = "<group>"; };
		14B9067621BABC8F00554B0B /* GLProgram.cpp */ = {isa = PBXFileReference; fileEncoding = 4; lastKnownFileType = sourcecode.cpp.cpp; path = GLProgram.cpp; sourceTree = "<group>"; };
		14B9067721BABC8F00554B0B /* Texture2D.cpp */ = {isa = PBXFileReference; fileEncoding = 4; lastKnownFileType = sourcecode.cpp.cpp; path = Texture2D.cpp; sourceTree = "<group>"; };
		14B9067821BABC8F00554B0B /* GLDefine.h */ = {isa = PBXFileReference; fileEncoding = 4; lastKnownFileType = sourcecode.c.h; path = GLDefine.h; sourceTree = "<group>"; };
		14B9067921BABC8F00554B0B /* Image.h */ = {isa = PBXFileReference; fileEncoding = 4; lastKnownFileType = sourcecode.c.h; path = Image.h; sourceTree = "<group>"; };
		14B9067A21BABC8F00554B0B /* GLProgram.h */ = {isa = PBXFileReference; fileEncoding = 4; lastKnownFileType = sourcecode.c.h; path = GLProgram.h; sourceTree = "<group>"; };
		14B9067B21BABC8F00554B0B /* main.cpp */ = {isa = PBXFileReference; fileEncoding = 4; lastKnownFileType = sourcecode.cpp.cpp; lineEnding = 0; path = main.cpp; sourceTree = "<group>"; };
		14BE47A12201EE0500EFE57C /* Camera.cpp */ = {isa = PBXFileReference; fileEncoding = 4; lastKnownFileType = sourcecode.cpp.cpp; path = Camera.cpp; sourceTree = "<group>"; };
		14BE47A22201EE0500EFE57C /* Camera.h */ = {isa = PBXFileReference; fileEncoding = 4; lastKnownFileType = sourcecode.c.h; path = Camera.h; sourceTree = "<group>"; };
		14BE47A42201EE6600EFE57C /* CameraSystem.cpp */ = {isa = PBXFileReference; fileEncoding = 4; lastKnownFileType = sourcecode.cpp.cpp; path = CameraSystem.cpp; sourceTree = "<group>"; };
		14BE47A52201EE6600EFE57C /* CameraSystem.h */ = {isa = PBXFileReference; fileEncoding = 4; lastKnownFileType = sourcecode.c.h; path = CameraSystem.h; sourceTree = "<group>"; };
		14C1CCFD21FF517000470798 /* FileUtils.h */ = {isa = PBXFileReference; fileEncoding = 4; lastKnownFileType = sourcecode.c.h; path = FileUtils.h; sourceTree = "<group>"; };
		14C1CCFE21FF517000470798 /* FileUtils.cpp */ = {isa = PBXFileReference; fileEncoding = 4; lastKnownFileType = sourcecode.cpp.cpp; path = FileUtils.cpp; sourceTree = "<group>"; };
		14C1CD0021FF517A00470798 /* BaseSingleton.h */ = {isa = PBXFileReference; lastKnownFileType = sourcecode.c.h; path = BaseSingleton.h; sourceTree = "<group>"; };
		14C1CD0121FF519700470798 /* BaseCache.h */ = {isa = PBXFileReference; lastKnownFileType = sourcecode.c.h; path = BaseCache.h; sourceTree = "<group>"; };
		14C23F33226C64DC00AFE69B /* MaterialCache.h */ = {isa = PBXFileReference; fileEncoding = 4; lastKnownFileType = sourcecode.c.h; path = MaterialCache.h; sourceTree = "<group>"; };
		14C23F34226C64DC00AFE69B /* MaterialCache.cpp */ = {isa = PBXFileReference; fileEncoding = 4; lastKnownFileType = sourcecode.cpp.cpp; path = MaterialCache.cpp; sourceTree = "<group>"; };
		14C29E88220FDF0300A514BE /* DirectionalLight.h */ = {isa = PBXFileReference; fileEncoding = 4; lastKnownFileType = sourcecode.c.h; path = DirectionalLight.h; sourceTree = "<group>"; };
		14C29E89220FDF0300A514BE /* DirectionalLight.cpp */ = {isa = PBXFileReference; fileEncoding = 4; lastKnownFileType = sourcecode.cpp.cpp; path = DirectionalLight.cpp; sourceTree = "<group>"; };
		14C29E8B220FFB9E00A514BE /* PointLight.h */ = {isa = PBXFileReference; fileEncoding = 4; lastKnownFileType = sourcecode.c.h; path = PointLight.h; sourceTree = "<group>"; };
		14C29E8C220FFB9E00A514BE /* PointLight.cpp */ = {isa = PBXFileReference; fileEncoding = 4; lastKnownFileType = sourcecode.cpp.cpp; path = PointLight.cpp; sourceTree = "<group>"; };
		14C29E8E2210345600A514BE /* SpotLight.h */ = {isa = PBXFileReference; fileEncoding = 4; lastKnownFileType = sourcecode.c.h; path = SpotLight.h; sourceTree = "<group>"; };
		14C29E8F2210345600A514BE /* SpotLight.cpp */ = {isa = PBXFileReference; fileEncoding = 4; lastKnownFileType = sourcecode.cpp.cpp; path = SpotLight.cpp; sourceTree = "<group>"; };
		14C29E91221035A300A514BE /* LightSystem.h */ = {isa = PBXFileReference; fileEncoding = 4; lastKnownFileType = sourcecode.c.h; path = LightSystem.h; sourceTree = "<group>"; };
		14C29E92221035A300A514BE /* LightSystem.cpp */ = {isa = PBXFileReference; fileEncoding = 4; lastKnownFileType = sourcecode.cpp.cpp; path = LightSystem.cpp; sourceTree = "<group>"; };
		14CDFD1622058FFD00A42823 /* Model.cpp */ = {isa = PBXFileReference; fileEncoding = 4; lastKnownFileType = sourcecode.cpp.cpp; path = Model.cpp; sourceTree = "<group>"; };
		14CDFD1722058FFD00A42823 /* Model.h */ = {isa = PBXFileReference; fileEncoding = 4; lastKnownFileType = sourcecode.c.h; path = Model.h; sourceTree = "<group>"; };
		14D46D20220096D900E21D4C /* TextureCache.cpp */ = {isa = PBXFileReference; fileEncoding = 4; lastKnownFileType = sourcecode.cpp.cpp; path = TextureCache.cpp; sourceTree = "<group>"; };
		14D46D21220096D900E21D4C /* TextureCache.h */ = {isa = PBXFileReference; fileEncoding = 4; lastKnownFileType = sourcecode.c.h; path = TextureCache.h; sourceTree = "<group>"; };
		14D46D232200970F00E21D4C /* BaseAsyncLoader.h */ = {isa = PBXFileReference; lastKnownFileType = sourcecode.c.h; path = BaseAsyncLoader.h; sourceTree = "<group>"; };
		14DC853922242AFF0051B944 /* GameStatusPanel.cpp */ = {isa = PBXFileReference; fileEncoding = 4; lastKnownFileType = sourcecode.cpp.cpp; path = GameStatusPanel.cpp; sourceTree = "<group>"; };
		14DC853A22242AFF0051B944 /* GameStatusPanel.h */ = {isa = PBXFileReference; fileEncoding = 4; lastKnownFileType = sourcecode.c.h; path = GameStatusPanel.h; sourceTree = "<group>"; };
		14E143152208115B001A2EB1 /* GLStateCache.cpp */ = {isa = PBXFileReference; fileEncoding = 4; lastKnownFileType = sourcecode.cpp.cpp; path = GLStateCache.cpp; sourceTree = "<group>"; };
		14E143162208115B001A2EB1 /* GLStateCache.h */ = {isa = PBXFileReference; fileEncoding = 4; lastKnownFileType = sourcecode.c.h; path = GLStateCache.h; sourceTree = "<group>"; };
		14E1431822084723001A2EB1 /* ModelCache.cpp */ = {isa = PBXFileReference; fileEncoding = 4; lastKnownFileType = sourcecode.cpp.cpp; path = ModelCache.cpp; sourceTree = "<group>"; };
		14E1431922084723001A2EB1 /* ModelCache.h */ = {isa = PBXFileReference; fileEncoding = 4; lastKnownFileType = sourcecode.c.h; path = ModelCache.h; sourceTree = "<group>"; };
		14E349D021C647AA00EB5785 /* Pass.h */ = {isa = PBXFileReference; fileEncoding = 4; lastKnownFileType = sourcecode.c.h; path = Pass.h; sourceTree = "<group>"; };
		14E349D121C647AA00EB5785 /* Pass.cpp */ = {isa = PBXFileReference; fileEncoding = 4; lastKnownFileType = sourcecode.cpp.cpp; path = Pass.cpp; sourceTree = "<group>"; };
		14E349D321C658CA00EB5785 /* GLDefine.cpp */ = {isa = PBXFileReference; fileEncoding = 4; lastKnownFileType = sourcecode.cpp.cpp; path = GLDefine.cpp; sourceTree = "<group>"; };
		14E723E421E8C31E002A8A89 /* MeshFilter.cpp */ = {isa = PBXFileReference; fileEncoding = 4; lastKnownFileType = sourcecode.cpp.cpp; path = MeshFilter.cpp; sourceTree = "<group>"; };
		14E723E721E8C33B002A8A89 /* MeshFilter.h */ = {isa = PBXFileReference; fileEncoding = 4; lastKnownFileType = sourcecode.c.h; path = MeshFilter.h; sourceTree = "<group>"; };
		14EAC0B6221EEB9D00981AF7 /* libAntTweakBar.a */ = {isa = PBXFileReference; lastKnownFileType = archive.ar; name = libAntTweakBar.a; path = ShaderBrowser/src/Plugins/AntTweakBar/lib/mac/libAntTweakBar.a; sourceTree = "<group>"; };
		14EAC0B8221EEBB700981AF7 /* libAntTweakBar.dylib */ = {isa = PBXFileReference; lastKnownFileType = "compiled.mach-o.dylib"; name = libAntTweakBar.dylib; path = ShaderBrowser/src/Plugins/AntTweakBar/lib/mac/libAntTweakBar.dylib; sourceTree = "<group>"; };
		14EB11742220172700D3C29D /* GUIFramework.h */ = {isa = PBXFileReference; lastKnownFileType = sourcecode.c.h; path = GUIFramework.h; sourceTree = "<group>"; };
		14EB11752220172700D3C29D /* BaseGUIPanel.h */ = {isa = PBXFileReference; lastKnownFileType = sourcecode.c.h; path = BaseGUIPanel.h; sourceTree = "<group>"; };
		14EB11802220184D00D3C29D /* imgui_impl_glfw_gl3.cpp */ = {isa = PBXFileReference; fileEncoding = 4; lastKnownFileType = sourcecode.cpp.cpp; path = imgui_impl_glfw_gl3.cpp; sourceTree = "<group>"; };
		14EB11812220184D00D3C29D /* imgui_draw.cpp */ = {isa = PBXFileReference; fileEncoding = 4; lastKnownFileType = sourcecode.cpp.cpp; path = imgui_draw.cpp; sourceTree = "<group>"; };
		14EB11842220185800D3C29D /* imgui.cpp */ = {isa = PBXFileReference; fileEncoding = 4; lastKnownFileType = sourcecode.cpp.cpp; path = imgui.cpp; sourceTree = "<group>"; };
		14EB1186222019C000D3C29D /* GUIFramework.cpp */ = {isa = PBXFileReference; fileEncoding = 4; lastKnownFileType = sourcecode.cpp.cpp; path = GUIFramework.cpp; sourceTree = "<group>"; };
		14EB118822201A8B00D3C29D /* BaseGUIPanel.cpp */ = {isa = PBXFileReference; fileEncoding = 4; lastKnownFileType = sourcecode.cpp.cpp; path = BaseGUIPanel.cpp; sourceTree = "<group>"; };
		14EB118A22202A0100D3C29D /* InspectorPanel.cpp */ = {isa = PBXFileReference; fileEncoding = 4; lastKnownFileType = sourcecode.cpp.cpp; path = InspectorPanel.cpp; sourceTree = "<group>"; };
		14EB118B22202A0100D3C29D /* InspectorPanel.h */ = {isa = PBXFileReference; fileEncoding = 4; lastKnownFileType = sourcecode.c.h; path = InspectorPanel.h; sourceTree = "<group>"; };
		14F240B722D2E54B008A67F4 /* AnimatorFeedback.h */ = {isa = PBXFileReference; fileEncoding = 4; lastKnownFileType = sourcecode.c.h; path = AnimatorFeedback.h; sourceTree = "<group>"; };
		14F240B822D2E54B008A67F4 /* AnimatorFeedback.cpp */ = {isa = PBXFileReference; fileEncoding = 4; lastKnownFileType = sourcecode.cpp.cpp; path = AnimatorFeedback.cpp; sourceTree = "<group>"; };
		14FCCDAF22F53049006ECEA0 /* GLComputeProgram.cpp */ = {isa = PBXFileReference; fileEncoding = 4; lastKnownFileType = sourcecode.cpp.cpp; path = GLComputeProgram.cpp; sourceTree = "<group>"; };
		14FCCDB022F53049006ECEA0 /* GLComputeProgram.h */ = {isa = PBXFileReference; fileEncoding = 4; lastKnownFileType = sourcecode.c.h; path = GLComputeProgram.h; sourceTree = "<group>"; };
		14FF768421C4B6D80008462D /* libassimp.4.1.0.dylib */ = {isa = PBXFileReference; lastKnownFileType = "compiled.mach-o.dylib"; name = libassimp.4.1.0.dylib; path = ShaderBrowser/src/Plugins/assimp/lib/mac/libassimp.4.1.0.dylib; sourceTree = "<group>"; };
/* End PBXFileReference section */

/* Begin PBXFrameworksBuildPhase section */
		14275C0721B8A8580027A8BB /* Frameworks */ = {
			isa = PBXFrameworksBuildPhase;
			buildActionMask = 2147483647;
			files = (
				1486090622C8ED2600DD1B96 /* libflatbuffers.a in Frameworks */,
				14941422221EF7B200A735DA /* libassimp.4.1.0.dylib in Frameworks */,
				14B902F921BA9CF800554B0B /* IOKit.framework in Frameworks */,
				14B902F721BA9CED00554B0B /* Cocoa.framework in Frameworks */,
				14B902F521BA9CE500554B0B /* CoreVideo.framework in Frameworks */,
				14B902F321BA9CD900554B0B /* OpenGL.framework in Frameworks */,
				14B902F121BA9CCB00554B0B /* libglfw3.a in Frameworks */,
			);
			runOnlyForDeploymentPostprocessing = 0;
		};
/* End PBXFrameworksBuildPhase section */

/* Begin PBXGroup section */
		1405E8A021F432FF00FBDD71 /* Event */ = {
			isa = PBXGroup;
			children = (
				1405E8A121F432FF00FBDD71 /* ComponentEvent.h */,
				1405E8A221F432FF00FBDD71 /* ComponentEvent.cpp */,
			);
			path = Event;
			sourceTree = "<group>";
		};
		1415B6D6222A4FB100C7E37B /* Animation */ = {
			isa = PBXGroup;
			children = (
				1415B6D8222A4FB100C7E37B /* Animator.h */,
				1415B6D7222A4FB100C7E37B /* Animator.cpp */,
			);
			path = Animation;
			sourceTree = "<group>";
		};
		14275C0121B8A8580027A8BB = {
			isa = PBXGroup;
			children = (
				14275C0C21B8A8580027A8BB /* ShaderBrowser */,
				14275C0B21B8A8580027A8BB /* Products */,
				14B902EF21BA9CCB00554B0B /* Frameworks */,
			);
			sourceTree = "<group>";
		};
		14275C0B21B8A8580027A8BB /* Products */ = {
			isa = PBXGroup;
			children = (
				14275C0A21B8A8580027A8BB /* ShaderBrowser */,
			);
			name = Products;
			sourceTree = "<group>";
		};
		14275C0C21B8A8580027A8BB /* ShaderBrowser */ = {
			isa = PBXGroup;
			children = (
				14B904C621BABC8E00554B0B /* src */,
			);
			path = ShaderBrowser;
			sourceTree = "<group>";
		};
		1469977C220F14B600F4C802 /* Light */ = {
			isa = PBXGroup;
			children = (
				1469977D220F14B600F4C802 /* BaseLight.h */,
				1469977E220F14B600F4C802 /* BaseLight.cpp */,
				14C29E88220FDF0300A514BE /* DirectionalLight.h */,
				14C29E89220FDF0300A514BE /* DirectionalLight.cpp */,
				14C29E8B220FFB9E00A514BE /* PointLight.h */,
				14C29E8C220FFB9E00A514BE /* PointLight.cpp */,
				14C29E8E2210345600A514BE /* SpotLight.h */,
				14C29E8F2210345600A514BE /* SpotLight.cpp */,
			);
			name = Light;
			path = ShaderBrowser/src/Browser/Components/Light;
			sourceTree = SOURCE_ROOT;
		};
		148177B321D8A86C0037E11D /* Transform */ = {
			isa = PBXGroup;
			children = (
				148177B521D8A86C0037E11D /* Transform.h */,
				148177B421D8A86C0037E11D /* Transform.cpp */,
			);
			path = Transform;
			sourceTree = "<group>";
		};
		148C3588227AC4E7008CB8B1 /* Commands */ = {
			isa = PBXGroup;
			children = (
				148C358A227AC4E7008CB8B1 /* BaseRenderCommand.h */,
				148C358B227ADD16008CB8B1 /* BaseRenderCommand.cpp */,
				148C358D227AFC62008CB8B1 /* SkinnedRenderCommand.h */,
				148C358E227AFC62008CB8B1 /* SkinnedRenderCommand.cpp */,
			);
			path = Commands;
			sourceTree = "<group>";
		};
		149C01FB21F4AA320011DAE2 /* Cache */ = {
			isa = PBXGroup;
			children = (
				14D46D232200970F00E21D4C /* BaseAsyncLoader.h */,
				14C1CD0121FF519700470798 /* BaseCache.h */,
				14D46D21220096D900E21D4C /* TextureCache.h */,
				14D46D20220096D900E21D4C /* TextureCache.cpp */,
				149C01FD21F4AA320011DAE2 /* GLProgramCache.h */,
				149C01FE21F4AF910011DAE2 /* GLProgramCache.cpp */,
				14C23F33226C64DC00AFE69B /* MaterialCache.h */,
				14C23F34226C64DC00AFE69B /* MaterialCache.cpp */,
				14E1431922084723001A2EB1 /* ModelCache.h */,
				14E1431822084723001A2EB1 /* ModelCache.cpp */,
			);
			path = Cache;
			sourceTree = "<group>";
		};
		149F475E22D0C103001C4294 /* Feedback */ = {
			isa = PBXGroup;
			children = (
				14F240B722D2E54B008A67F4 /* AnimatorFeedback.h */,
				14F240B822D2E54B008A67F4 /* AnimatorFeedback.cpp */,
				149F476022D0C103001C4294 /* BaseFeedback.h */,
				141098F122D0E28700C9F982 /* BaseFeedback.cpp */,
			);
			path = Feedback;
			sourceTree = "<group>";
		};
		14B3F7EC22F7CD9F008C0AE6 /* ComputeProgram */ = {
			isa = PBXGroup;
			children = (
				14A08F5B22FE9787009D7D71 /* AnimatorComputeProgram.cpp */,
				14A08F5C22FE9787009D7D71 /* AnimatorComputeProgram.h */,
				14B3F7ED22F7CD9F008C0AE6 /* BaseComputeProgram.h */,
				14B3F7EF22F7CE2F008C0AE6 /* BaseComputeProgram.cpp */,
			);
			name = ComputeProgram;
			path = ShaderBrowser/src/Browser/Components/ComputeProgram;
			sourceTree = SOURCE_ROOT;
		};
		14B45A1B220C21C100FE5777 /* BoundBox */ = {
			isa = PBXGroup;
			children = (
				14B45A20220C227400FE5777 /* BaseBoundBox.h */,
				14B45A1F220C227400FE5777 /* BaseBoundBox.cpp */,
				14B45A22220C25AD00FE5777 /* AABBBoundBox.h */,
				14B45A23220C25AD00FE5777 /* AABBBoundBox.cpp */,
			);
			path = BoundBox;
			sourceTree = "<group>";
		};
		14B902EF21BA9CCB00554B0B /* Frameworks */ = {
			isa = PBXGroup;
			children = (
				1486090522C8ED2600DD1B96 /* libflatbuffers.a */,
				14EAC0B8221EEBB700981AF7 /* libAntTweakBar.dylib */,
				14EAC0B6221EEB9D00981AF7 /* libAntTweakBar.a */,
				14FF768421C4B6D80008462D /* libassimp.4.1.0.dylib */,
				14B902F821BA9CF800554B0B /* IOKit.framework */,
				14B902F621BA9CED00554B0B /* Cocoa.framework */,
				14B902F421BA9CE500554B0B /* CoreVideo.framework */,
				14B902F221BA9CD900554B0B /* OpenGL.framework */,
				14B902F021BA9CCB00554B0B /* libglfw3.a */,
			);
			name = Frameworks;
			sourceTree = "<group>";
		};
		14B904C621BABC8E00554B0B /* src */ = {
			isa = PBXGroup;
			children = (
				14B9065621BABC8F00554B0B /* Browser */,
				14B9066521BABC8F00554B0B /* Common */,
				14B9067321BABC8F00554B0B /* GL */,
				14B904C721BABC8E00554B0B /* Plugins */,
				14B9067B21BABC8F00554B0B /* main.cpp */,
			);
			path = src;
			sourceTree = "<group>";
		};
		14B904C721BABC8E00554B0B /* Plugins */ = {
			isa = PBXGroup;
			children = (
				14EB1169222015FD00D3C29D /* imgui */,
				14B904CB21BABC8E00554B0B /* glad */,
				14B904D321BABC8E00554B0B /* GLFW */,
			);
			path = Plugins;
			sourceTree = "<group>";
		};
		14B904CB21BABC8E00554B0B /* glad */ = {
			isa = PBXGroup;
			children = (
				14B904D121BABC8E00554B0B /* src */,
			);
			path = glad;
			sourceTree = "<group>";
		};
		14B904D121BABC8E00554B0B /* src */ = {
			isa = PBXGroup;
			children = (
				14B904D221BABC8E00554B0B /* glad.c */,
			);
			path = src;
			sourceTree = "<group>";
		};
		14B904D321BABC8E00554B0B /* GLFW */ = {
			isa = PBXGroup;
			children = (
				14B904D821BABC8E00554B0B /* lib */,
			);
			path = GLFW;
			sourceTree = "<group>";
		};
		14B904D821BABC8E00554B0B /* lib */ = {
			isa = PBXGroup;
			children = (
				14B904D921BABC8E00554B0B /* mac */,
				14B904DB21BABC8E00554B0B /* win32 */,
			);
			path = lib;
			sourceTree = "<group>";
		};
		14B904D921BABC8E00554B0B /* mac */ = {
			isa = PBXGroup;
			children = (
				14B904DA21BABC8E00554B0B /* libglfw3.a */,
			);
			path = mac;
			sourceTree = "<group>";
		};
		14B904DB21BABC8E00554B0B /* win32 */ = {
			isa = PBXGroup;
			children = (
				14B904DC21BABC8E00554B0B /* glfw3.lib */,
			);
			path = win32;
			sourceTree = "<group>";
		};
		14B9065621BABC8F00554B0B /* Browser */ = {
			isa = PBXGroup;
			children = (
				14B9065721BABC8F00554B0B /* Entitys */,
				14B9065A21BABC8F00554B0B /* System */,
				14B9065D21BABC8F00554B0B /* Components */,
			);
			path = Browser;
			sourceTree = "<group>";
		};
		14B9065721BABC8F00554B0B /* Entitys */ = {
			isa = PBXGroup;
			children = (
				14B9065821BABC8F00554B0B /* BaseEntity.h */,
				14B9065921BABC8F00554B0B /* BaseEntity.cpp */,
			);
			path = Entitys;
			sourceTree = "<group>";
		};
		14B9065A21BABC8F00554B0B /* System */ = {
			isa = PBXGroup;
			children = (
				1415B6DA222A5B2900C7E37B /* AnimationSystem.h */,
				1415B6DB222A5B2A00C7E37B /* AnimationSystem.cpp */,
				14B45A26220C269800FE5777 /* BoundBoxSystem.h */,
				14B45A25220C269800FE5777 /* BoundBoxSystem.cpp */,
				14BE47A52201EE6600EFE57C /* CameraSystem.h */,
				14BE47A42201EE6600EFE57C /* CameraSystem.cpp */,
				141098EB22D0C5F800C9F982 /* FeedbackSystem.h */,
				141098EC22D0C5F800C9F982 /* FeedbackSystem.cpp */,
				14C29E91221035A300A514BE /* LightSystem.h */,
				14C29E92221035A300A514BE /* LightSystem.cpp */,
				1452D79321E99703001AD1CA /* MeshSystem.h */,
				1452D79421E99742001AD1CA /* MeshSystem.cpp */,
				14B9065C21BABC8F00554B0B /* RenderSystem.h */,
				14B9065B21BABC8F00554B0B /* RenderSystem.cpp */,
				148177B721D8CB5E0037E11D /* TransformSystem.h */,
				148177B821D8CB5E0037E11D /* TransformSystem.cpp */,
			);
			path = System;
			sourceTree = "<group>";
		};
		14B9065D21BABC8F00554B0B /* Components */ = {
			isa = PBXGroup;
			children = (
				1415B6D6222A4FB100C7E37B /* Animation */,
				14B45A1B220C21C100FE5777 /* BoundBox */,
				14BE47A02201EE0500EFE57C /* Camera */,
				14B3F7EC22F7CD9F008C0AE6 /* ComputeProgram */,
				1405E8A021F432FF00FBDD71 /* Event */,
				149F475E22D0C103001C4294 /* Feedback */,
				1469977C220F14B600F4C802 /* Light */,
				14E723E321E8C31E002A8A89 /* Mesh */,
				14B9065F21BABC8F00554B0B /* Render */,
				148177B321D8A86C0037E11D /* Transform */,
				14B9065E21BABC8F00554B0B /* BaseComponent.h */,
				14B9066421BABC8F00554B0B /* BaseComponent.cpp */,
			);
			path = Components;
			sourceTree = "<group>";
		};
		14B9065F21BABC8F00554B0B /* Render */ = {
			isa = PBXGroup;
			children = (
				148C3588227AC4E7008CB8B1 /* Commands */,
				14E349D021C647AA00EB5785 /* Pass.h */,
				14E349D121C647AA00EB5785 /* Pass.cpp */,
				14B9066021BABC8F00554B0B /* Material.h */,
				14B9066221BABC8F00554B0B /* Material.cpp */,
				14B9066121BABC8F00554B0B /* BaseRender.h */,
				14B9066321BABC8F00554B0B /* BaseRender.cpp */,
				14B1AA812258AD99000AB04E /* SkinnedMeshRenderer.h */,
				14B1AA822258AD99000AB04E /* SkinnedMeshRenderer.cpp */,
			);
			path = Render;
			sourceTree = "<group>";
		};
		14B9066521BABC8F00554B0B /* Common */ = {
			isa = PBXGroup;
			children = (
				14B9066621BABC8F00554B0B /* Tools */,
				14B9066921BABC8F00554B0B /* System */,
				14B9066F21BABC8F00554B0B /* Components */,
				14B9067221BABC8F00554B0B /* CommonDefine.h */,
			);
			path = Common;
			sourceTree = "<group>";
		};
		14B9066621BABC8F00554B0B /* Tools */ = {
			isa = PBXGroup;
			children = (
				14EB11712220172700D3C29D /* UI */,
				14C1CD0021FF517A00470798 /* BaseSingleton.h */,
				1486090322C8EC8000DD1B96 /* BinaryFileUtils.h */,
				1486090222C8EC8000DD1B96 /* BinaryFileUtils.cpp */,
				14C1CCFD21FF517000470798 /* FileUtils.h */,
				14C1CCFE21FF517000470798 /* FileUtils.cpp */,
				14B9066721BABC8F00554B0B /* Utils.h */,
				14B9066821BABC8F00554B0B /* Utils.cpp */,
			);
			path = Tools;
			sourceTree = "<group>";
		};
		14B9066921BABC8F00554B0B /* System */ = {
			isa = PBXGroup;
			children = (
				149C01FB21F4AA320011DAE2 /* Cache */,
				14B9066A21BABC8F00554B0B /* ECSManager.h */,
				14B9066C21BABC8F00554B0B /* ECSManager.cpp */,
				14B9066D21BABC8F00554B0B /* AutoReleasePool.h */,
				14B9066B21BABC8F00554B0B /* AutoReleasePool.cpp */,
				14B9066E21BABC8F00554B0B /* BaseSystem.h */,
			);
			path = System;
			sourceTree = "<group>";
		};
		14B9066F21BABC8F00554B0B /* Components */ = {
			isa = PBXGroup;
			children = (
				14B9067121BABC8F00554B0B /* Reference.h */,
				14B9067021BABC8F00554B0B /* Reference.cpp */,
			);
			path = Components;
			sourceTree = "<group>";
		};
		14B9067321BABC8F00554B0B /* GL */ = {
			isa = PBXGroup;
			children = (
				14FCCDAF22F53049006ECEA0 /* GLComputeProgram.cpp */,
				14FCCDB022F53049006ECEA0 /* GLComputeProgram.h */,
				1415B6D5222A2FD100C7E37B /* Assimp.h */,
				14B8C7F9232532850052B571 /* AssimpConvert.h */,
				14B8C7FA232532960052B571 /* AssimpConvert.cpp */,
				1415B6D4222A2FD100C7E37B /* Rescale.h */,
				14B9067821BABC8F00554B0B /* GLDefine.h */,
				14E349D321C658CA00EB5785 /* GLDefine.cpp */,
				141098EE22D0CE4900C9F982 /* GLFeedback.h */,
				141098EF22D0CE4900C9F982 /* GLFeedback.cpp */,
				14B9067A21BABC8F00554B0B /* GLProgram.h */,
				14B9067621BABC8F00554B0B /* GLProgram.cpp */,
				14E143162208115B001A2EB1 /* GLStateCache.h */,
				14E143152208115B001A2EB1 /* GLStateCache.cpp */,
				14CDFD1722058FFD00A42823 /* Model.h */,
				14CDFD1622058FFD00A42823 /* Model.cpp */,
				14B84BD62310D586000DEC36 /* Skeleton.h */,
				14B84BD72310D586000DEC36 /* Skeleton.cpp */,
				14B6AA0F2324DF2500B2A01B /* SkeletonAnimation.h */,
				14B6AA102324E00700B2A01B /* SkeletonAnimation.cpp */,
				14B9067421BABC8F00554B0B /* Texture2D.h */,
				14B9067721BABC8F00554B0B /* Texture2D.cpp */,
				14B9067921BABC8F00554B0B /* Image.h */,
				14B9067521BABC8F00554B0B /* Image.cpp */,
			);
			path = GL;
			sourceTree = "<group>";
		};
		14BE47A02201EE0500EFE57C /* Camera */ = {
			isa = PBXGroup;
			children = (
				14BE47A22201EE0500EFE57C /* Camera.h */,
				14BE47A12201EE0500EFE57C /* Camera.cpp */,
			);
			path = Camera;
			sourceTree = "<group>";
		};
		14E723E321E8C31E002A8A89 /* Mesh */ = {
			isa = PBXGroup;
			children = (
				1405E89E21F426F400FBDD71 /* Mesh.h */,
				1405E89D21F426F400FBDD71 /* Mesh.cpp */,
				14E723E721E8C33B002A8A89 /* MeshFilter.h */,
				14E723E421E8C31E002A8A89 /* MeshFilter.cpp */,
			);
			path = Mesh;
			sourceTree = "<group>";
		};
		14EB1169222015FD00D3C29D /* imgui */ = {
			isa = PBXGroup;
			children = (
				14EB11842220185800D3C29D /* imgui.cpp */,
				14EB11812220184D00D3C29D /* imgui_draw.cpp */,
				14EB11802220184D00D3C29D /* imgui_impl_glfw_gl3.cpp */,
			);
			path = imgui;
			sourceTree = "<group>";
		};
		14EB11712220172700D3C29D /* UI */ = {
			isa = PBXGroup;
			children = (
				14EB11742220172700D3C29D /* GUIFramework.h */,
				14EB1186222019C000D3C29D /* GUIFramework.cpp */,
				14EB11752220172700D3C29D /* BaseGUIPanel.h */,
				14EB118822201A8B00D3C29D /* BaseGUIPanel.cpp */,
				14EB118B22202A0100D3C29D /* InspectorPanel.h */,
				14EB118A22202A0100D3C29D /* InspectorPanel.cpp */,
				147BBAF7222277EE00B3079B /* HierarchyPanel.h */,
				147BBAF8222277EE00B3079B /* HierarchyPanel.cpp */,
				14DC853A22242AFF0051B944 /* GameStatusPanel.h */,
				14DC853922242AFF0051B944 /* GameStatusPanel.cpp */,
			);
			path = UI;
			sourceTree = "<group>";
		};
/* End PBXGroup section */

/* Begin PBXNativeTarget section */
		14275C0921B8A8580027A8BB /* ShaderBrowser */ = {
			isa = PBXNativeTarget;
			buildConfigurationList = 14275C1121B8A8580027A8BB /* Build configuration list for PBXNativeTarget "ShaderBrowser" */;
			buildPhases = (
				14275C0621B8A8580027A8BB /* Sources */,
				14275C0721B8A8580027A8BB /* Frameworks */,
				14275C0821B8A8580027A8BB /* CopyFiles */,
			);
			buildRules = (
			);
			dependencies = (
			);
			name = ShaderBrowser;
			productName = ShaderBrowser;
			productReference = 14275C0A21B8A8580027A8BB /* ShaderBrowser */;
			productType = "com.apple.product-type.tool";
		};
/* End PBXNativeTarget section */

/* Begin PBXProject section */
		14275C0221B8A8580027A8BB /* Project object */ = {
			isa = PBXProject;
			attributes = {
				LastUpgradeCheck = 1010;
				ORGANIZATIONNAME = "祝萌";
				TargetAttributes = {
					14275C0921B8A8580027A8BB = {
						CreatedOnToolsVersion = 10.1;
					};
				};
			};
			buildConfigurationList = 14275C0521B8A8580027A8BB /* Build configuration list for PBXProject "ShaderBrowser" */;
			compatibilityVersion = "Xcode 9.3";
			developmentRegion = en;
			hasScannedForEncodings = 0;
			knownRegions = (
				en,
			);
			mainGroup = 14275C0121B8A8580027A8BB;
			productRefGroup = 14275C0B21B8A8580027A8BB /* Products */;
			projectDirPath = "";
			projectRoot = "";
			targets = (
				14275C0921B8A8580027A8BB /* ShaderBrowser */,
			);
		};
/* End PBXProject section */

/* Begin PBXSourcesBuildPhase section */
		14275C0621B8A8580027A8BB /* Sources */ = {
			isa = PBXSourcesBuildPhase;
			buildActionMask = 2147483647;
			files = (
				148177B621D8A86D0037E11D /* Transform.cpp in Sources */,
				14F240B922D2E54B008A67F4 /* AnimatorFeedback.cpp in Sources */,
				14E349D221C647AA00EB5785 /* Pass.cpp in Sources */,
				14EB11822220184D00D3C29D /* imgui_impl_glfw_gl3.cpp in Sources */,
				141098ED22D0C5F800C9F982 /* FeedbackSystem.cpp in Sources */,
				14E723E621E8C31E002A8A89 /* MeshFilter.cpp in Sources */,
				14B9068521BABC8F00554B0B /* BaseComponent.cpp in Sources */,
				14B9068A21BABC8F00554B0B /* Image.cpp in Sources */,
				1486090422C8EC8000DD1B96 /* BinaryFileUtils.cpp in Sources */,
				14E143172208115B001A2EB1 /* GLStateCache.cpp in Sources */,
				141098F222D0E28700C9F982 /* BaseFeedback.cpp in Sources */,
				14B9068221BABC8F00554B0B /* RenderSystem.cpp in Sources */,
				141098F022D0CE4900C9F982 /* GLFeedback.cpp in Sources */,
				14B9068B21BABC8F00554B0B /* GLProgram.cpp in Sources */,
				14C29E902210345600A514BE /* SpotLight.cpp in Sources */,
				14B9068C21BABC8F00554B0B /* Texture2D.cpp in Sources */,
				1405E8A321F432FF00FBDD71 /* ComponentEvent.cpp in Sources */,
				148177B921D8CB5E0037E11D /* TransformSystem.cpp in Sources */,
				14C23F35226C64DC00AFE69B /* MaterialCache.cpp in Sources */,
				14C29E8A220FDF0300A514BE /* DirectionalLight.cpp in Sources */,
				14B45A27220C269800FE5777 /* BoundBoxSystem.cpp in Sources */,
				14B9068721BABC8F00554B0B /* AutoReleasePool.cpp in Sources */,
				14B1AA832258AD99000AB04E /* SkinnedMeshRenderer.cpp in Sources */,
				14EB1187222019C000D3C29D /* GUIFramework.cpp in Sources */,
				14EB11852220185800D3C29D /* imgui.cpp in Sources */,
				1405E89F21F426F400FBDD71 /* Mesh.cpp in Sources */,
				14C29E8D220FFB9E00A514BE /* PointLight.cpp in Sources */,
				14B9068421BABC8F00554B0B /* BaseRender.cpp in Sources */,
				148C358C227ADD16008CB8B1 /* BaseRenderCommand.cpp in Sources */,
				14C1CCFF21FF517000470798 /* FileUtils.cpp in Sources */,
				14B9068921BABC8F00554B0B /* Reference.cpp in Sources */,
				14B9068621BABC8F00554B0B /* Utils.cpp in Sources */,
				14B9068321BABC8F00554B0B /* Material.cpp in Sources */,
				1415B6DC222A5B2A00C7E37B /* AnimationSystem.cpp in Sources */,
				14EB11832220184D00D3C29D /* imgui_draw.cpp in Sources */,
				1469977F220F14B600F4C802 /* BaseLight.cpp in Sources */,
				14B9067D21BABC8F00554B0B /* glad.c in Sources */,
				148C358F227AFC62008CB8B1 /* SkinnedRenderCommand.cpp in Sources */,
				149C01FF21F4AF910011DAE2 /* GLProgramCache.cpp in Sources */,
				14A08F5D22FE9787009D7D71 /* AnimatorComputeProgram.cpp in Sources */,
				14EB118922201A8B00D3C29D /* BaseGUIPanel.cpp in Sources */,
				14B3F7F022F7CE2F008C0AE6 /* BaseComputeProgram.cpp in Sources */,
				14B45A24220C25AD00FE5777 /* AABBBoundBox.cpp in Sources */,
				14D46D22220096D900E21D4C /* TextureCache.cpp in Sources */,
				14B9068121BABC8F00554B0B /* BaseEntity.cpp in Sources */,
				14C29E93221035A300A514BE /* LightSystem.cpp in Sources */,
				14DC853B22242AFF0051B944 /* GameStatusPanel.cpp in Sources */,
				1415B6D9222A4FB100C7E37B /* Animator.cpp in Sources */,
				14BE47A32201EE0500EFE57C /* Camera.cpp in Sources */,
				14CDFD1822058FFE00A42823 /* Model.cpp in Sources */,
				147BBAF9222277EF00B3079B /* HierarchyPanel.cpp in Sources */,
				14B8C7FB232532960052B571 /* AssimpConvert.cpp in Sources */,
				14BE47A62201EE6600EFE57C /* CameraSystem.cpp in Sources */,
				1452D79521E99742001AD1CA /* MeshSystem.cpp in Sources */,
				14FCCDB122F53049006ECEA0 /* GLComputeProgram.cpp in Sources */,
				14B84BD82310D587000DEC36 /* Skeleton.cpp in Sources */,
				14B6AA112324E00700B2A01B /* SkeletonAnimation.cpp in Sources */,
				14EB118C22202A0100D3C29D /* InspectorPanel.cpp in Sources */,
				14E1431A22084724001A2EB1 /* ModelCache.cpp in Sources */,
				14B9068D21BABC8F00554B0B /* main.cpp in Sources */,
				14B45A21220C227400FE5777 /* BaseBoundBox.cpp in Sources */,
				14E349D421C658CA00EB5785 /* GLDefine.cpp in Sources */,
				14B9068821BABC8F00554B0B /* ECSManager.cpp in Sources */,
			);
			runOnlyForDeploymentPostprocessing = 0;
		};
/* End PBXSourcesBuildPhase section */

/* Begin XCBuildConfiguration section */
		14275C0F21B8A8580027A8BB /* Debug */ = {
			isa = XCBuildConfiguration;
			buildSettings = {
				ALWAYS_SEARCH_USER_PATHS = NO;
				CLANG_ANALYZER_NONNULL = YES;
				CLANG_ANALYZER_NUMBER_OBJECT_CONVERSION = YES_AGGRESSIVE;
				CLANG_CXX_LANGUAGE_STANDARD = "gnu++14";
				CLANG_CXX_LIBRARY = "libc++";
				CLANG_ENABLE_MODULES = YES;
				CLANG_ENABLE_OBJC_ARC = YES;
				CLANG_ENABLE_OBJC_WEAK = YES;
				CLANG_WARN_BLOCK_CAPTURE_AUTORELEASING = YES;
				CLANG_WARN_BOOL_CONVERSION = YES;
				CLANG_WARN_COMMA = YES;
				CLANG_WARN_CONSTANT_CONVERSION = YES;
				CLANG_WARN_DEPRECATED_OBJC_IMPLEMENTATIONS = YES;
				CLANG_WARN_DIRECT_OBJC_ISA_USAGE = YES_ERROR;
				CLANG_WARN_DOCUMENTATION_COMMENTS = YES;
				CLANG_WARN_EMPTY_BODY = YES;
				CLANG_WARN_ENUM_CONVERSION = YES;
				CLANG_WARN_INFINITE_RECURSION = YES;
				CLANG_WARN_INT_CONVERSION = YES;
				CLANG_WARN_NON_LITERAL_NULL_CONVERSION = YES;
				CLANG_WARN_OBJC_IMPLICIT_RETAIN_SELF = YES;
				CLANG_WARN_OBJC_LITERAL_CONVERSION = YES;
				CLANG_WARN_OBJC_ROOT_CLASS = YES_ERROR;
				CLANG_WARN_RANGE_LOOP_ANALYSIS = YES;
				CLANG_WARN_STRICT_PROTOTYPES = YES;
				CLANG_WARN_SUSPICIOUS_MOVE = YES;
				CLANG_WARN_UNGUARDED_AVAILABILITY = YES_AGGRESSIVE;
				CLANG_WARN_UNREACHABLE_CODE = YES;
				CLANG_WARN__DUPLICATE_METHOD_MATCH = YES;
				CODE_SIGN_IDENTITY = "-";
				COPY_PHASE_STRIP = NO;
				DEBUG_INFORMATION_FORMAT = dwarf;
				ENABLE_STRICT_OBJC_MSGSEND = YES;
				ENABLE_TESTABILITY = YES;
				GCC_C_LANGUAGE_STANDARD = gnu11;
				GCC_DYNAMIC_NO_PIC = NO;
				GCC_NO_COMMON_BLOCKS = YES;
				GCC_OPTIMIZATION_LEVEL = 0;
				GCC_PREPROCESSOR_DEFINITIONS = (
					"DEBUG=1",
					"$(inherited)",
				);
				GCC_WARN_64_TO_32_BIT_CONVERSION = YES;
				GCC_WARN_ABOUT_RETURN_TYPE = YES_ERROR;
				GCC_WARN_UNDECLARED_SELECTOR = YES;
				GCC_WARN_UNINITIALIZED_AUTOS = YES_AGGRESSIVE;
				GCC_WARN_UNUSED_FUNCTION = YES;
				GCC_WARN_UNUSED_VARIABLE = YES;
				MACOSX_DEPLOYMENT_TARGET = 10.14;
				MTL_ENABLE_DEBUG_INFO = INCLUDE_SOURCE;
				MTL_FAST_MATH = YES;
				ONLY_ACTIVE_ARCH = YES;
				SDKROOT = macosx;
			};
			name = Debug;
		};
		14275C1021B8A8580027A8BB /* Release */ = {
			isa = XCBuildConfiguration;
			buildSettings = {
				ALWAYS_SEARCH_USER_PATHS = NO;
				CLANG_ANALYZER_NONNULL = YES;
				CLANG_ANALYZER_NUMBER_OBJECT_CONVERSION = YES_AGGRESSIVE;
				CLANG_CXX_LANGUAGE_STANDARD = "gnu++14";
				CLANG_CXX_LIBRARY = "libc++";
				CLANG_ENABLE_MODULES = YES;
				CLANG_ENABLE_OBJC_ARC = YES;
				CLANG_ENABLE_OBJC_WEAK = YES;
				CLANG_WARN_BLOCK_CAPTURE_AUTORELEASING = YES;
				CLANG_WARN_BOOL_CONVERSION = YES;
				CLANG_WARN_COMMA = YES;
				CLANG_WARN_CONSTANT_CONVERSION = YES;
				CLANG_WARN_DEPRECATED_OBJC_IMPLEMENTATIONS = YES;
				CLANG_WARN_DIRECT_OBJC_ISA_USAGE = YES_ERROR;
				CLANG_WARN_DOCUMENTATION_COMMENTS = YES;
				CLANG_WARN_EMPTY_BODY = YES;
				CLANG_WARN_ENUM_CONVERSION = YES;
				CLANG_WARN_INFINITE_RECURSION = YES;
				CLANG_WARN_INT_CONVERSION = YES;
				CLANG_WARN_NON_LITERAL_NULL_CONVERSION = YES;
				CLANG_WARN_OBJC_IMPLICIT_RETAIN_SELF = YES;
				CLANG_WARN_OBJC_LITERAL_CONVERSION = YES;
				CLANG_WARN_OBJC_ROOT_CLASS = YES_ERROR;
				CLANG_WARN_RANGE_LOOP_ANALYSIS = YES;
				CLANG_WARN_STRICT_PROTOTYPES = YES;
				CLANG_WARN_SUSPICIOUS_MOVE = YES;
				CLANG_WARN_UNGUARDED_AVAILABILITY = YES_AGGRESSIVE;
				CLANG_WARN_UNREACHABLE_CODE = YES;
				CLANG_WARN__DUPLICATE_METHOD_MATCH = YES;
				CODE_SIGN_IDENTITY = "-";
				COPY_PHASE_STRIP = NO;
				DEBUG_INFORMATION_FORMAT = "dwarf-with-dsym";
				ENABLE_NS_ASSERTIONS = NO;
				ENABLE_STRICT_OBJC_MSGSEND = YES;
				GCC_C_LANGUAGE_STANDARD = gnu11;
				GCC_NO_COMMON_BLOCKS = YES;
				GCC_WARN_64_TO_32_BIT_CONVERSION = YES;
				GCC_WARN_ABOUT_RETURN_TYPE = YES_ERROR;
				GCC_WARN_UNDECLARED_SELECTOR = YES;
				GCC_WARN_UNINITIALIZED_AUTOS = YES_AGGRESSIVE;
				GCC_WARN_UNUSED_FUNCTION = YES;
				GCC_WARN_UNUSED_VARIABLE = YES;
				MACOSX_DEPLOYMENT_TARGET = 10.14;
				MTL_ENABLE_DEBUG_INFO = NO;
				MTL_FAST_MATH = YES;
				SDKROOT = macosx;
			};
			name = Release;
		};
		14275C1221B8A8580027A8BB /* Debug */ = {
			isa = XCBuildConfiguration;
			buildSettings = {
				CODE_SIGN_STYLE = Automatic;
				HEADER_SEARCH_PATHS = (
					"\"$(SRCROOT)/ShaderBrowser/src/Plugins/glad/include\"",
					"\"$(SRCROOT)/ShaderBrowser/src/Plugins/GLFW/include\"",
					"\"$(SRCROOT)/ShaderBrowser/src/Plugins/glm/include\"",
					"\"$(SRCROOT)/ShaderBrowser/src/Plugins/assimp/include\"",
					"\"$(SRCROOT)/ShaderBrowser/src\"",
					"\"$(SRCROOT)/ShaderBrowser/src/Plugins/stb\"",
					"\"$(SRCROOT)/ShaderBrowser/src/Plugins/imgui\"",
					"\"$(SRCROOT)/ShaderBrowser/src/Plugins/flatbuffer/include\"",
					"\"$(SRCROOT)/ShaderBrowser/src/Plugins/flatbuffer/generated_header\"",
				);
				LD_RUNPATH_SEARCH_PATHS = "$(PROJECT_DIR)/ShaderBrowser/src/Plugins/assimp/lib/mac";
				LIBRARY_SEARCH_PATHS = (
					"$(inherited)",
					"$(SRCROOT)/ShaderBrowser/src/Plugins/GLFW/lib/mac",
					"$(PROJECT_DIR)/ShaderBrowser/src/Plugins/GLFW/lib/mac",
					"$(PROJECT_DIR)/ShaderBrowser/src/Plugins/GLFW/lib/win32",
					"$(PROJECT_DIR)/ShaderBrowser/src/Plugins/assimp/lib/mac",
					"$(PROJECT_DIR)/ShaderBrowser/src/Plugins/flatbuffer/lib/mac",
				);
				PRODUCT_NAME = "$(TARGET_NAME)";
			};
			name = Debug;
		};
		14275C1321B8A8580027A8BB /* Release */ = {
			isa = XCBuildConfiguration;
			buildSettings = {
				CODE_SIGN_STYLE = Automatic;
				LIBRARY_SEARCH_PATHS = (
					"$(inherited)",
					"$(PROJECT_DIR)/ShaderBrowser/src/Plugins/GLFW/lib/mac",
					"$(PROJECT_DIR)/ShaderBrowser/src/Plugins/GLFW/lib/win32",
					"$(PROJECT_DIR)/ShaderBrowser/src/Plugins/assimp/lib/mac",
					"$(PROJECT_DIR)/ShaderBrowser/src/Plugins/AntTweakBar/lib/mac",
					"$(PROJECT_DIR)/ShaderBrowser/src/Plugins/flatbuffer/lib/mac",
				);
				PRODUCT_NAME = "$(TARGET_NAME)";
			};
			name = Release;
		};
/* End XCBuildConfiguration section */

/* Begin XCConfigurationList section */
		14275C0521B8A8580027A8BB /* Build configuration list for PBXProject "ShaderBrowser" */ = {
			isa = XCConfigurationList;
			buildConfigurations = (
				14275C0F21B8A8580027A8BB /* Debug */,
				14275C1021B8A8580027A8BB /* Release */,
			);
			defaultConfigurationIsVisible = 0;
			defaultConfigurationName = Release;
		};
		14275C1121B8A8580027A8BB /* Build configuration list for PBXNativeTarget "ShaderBrowser" */ = {
			isa = XCConfigurationList;
			buildConfigurations = (
				14275C1221B8A8580027A8BB /* Debug */,
				14275C1321B8A8580027A8BB /* Release */,
			);
			defaultConfigurationIsVisible = 0;
			defaultConfigurationName = Release;
		};
/* End XCConfigurationList section */
	};
	rootObject = 14275C0221B8A8580027A8BB /* Project object */;
}
