<?xml version="1.0" encoding="utf-8"?>
<Project ToolsVersion="4.0" xmlns="http://schemas.microsoft.com/developer/msbuild/2003">
  <ItemGroup>
    <Filter Include="src">
      <UniqueIdentifier>{ed8091dc-bf6e-4e05-95e5-92d131cebb8c}</UniqueIdentifier>
    </Filter>
    <Filter Include="src\GL">
      <UniqueIdentifier>{8530a1d4-c074-490e-b63a-9d5f85fc299f}</UniqueIdentifier>
    </Filter>
    <Filter Include="src\Plugins">
      <UniqueIdentifier>{0ade1afd-c03f-491b-b42e-4a630a192194}</UniqueIdentifier>
    </Filter>
    <Filter Include="src\Plugins\Image">
      <UniqueIdentifier>{4f7ce3ec-10b0-4dff-acf9-ef184afb5b7a}</UniqueIdentifier>
    </Filter>
    <Filter Include="src\Browser">
      <UniqueIdentifier>{60ccb76f-057b-42c2-9776-3c0b355615a9}</UniqueIdentifier>
    </Filter>
    <Filter Include="src\Browser\Components">
      <UniqueIdentifier>{31f9c651-0af5-49fe-9e4e-7dda735ef649}</UniqueIdentifier>
    </Filter>
    <Filter Include="src\Browser\System">
      <UniqueIdentifier>{16ce4d9f-822e-4d11-8d38-715750e39158}</UniqueIdentifier>
    </Filter>
    <Filter Include="src\Browser\Components\Render">
      <UniqueIdentifier>{db0f988e-a917-4986-a8dd-aeb199864894}</UniqueIdentifier>
    </Filter>
    <Filter Include="src\Common">
      <UniqueIdentifier>{11617ae7-2a26-444c-96ec-f70b8af647f8}</UniqueIdentifier>
    </Filter>
    <Filter Include="src\Common\Tools">
      <UniqueIdentifier>{64745fd8-f88b-42fe-b03e-b3b0ba86fe0a}</UniqueIdentifier>
    </Filter>
    <Filter Include="src\Common\Components">
      <UniqueIdentifier>{6c5eccc6-3599-4ff8-865d-e7f73d024a0e}</UniqueIdentifier>
    </Filter>
    <Filter Include="src\Common\System">
      <UniqueIdentifier>{83688584-cdb0-44cc-a9c2-11783b43cd9d}</UniqueIdentifier>
    </Filter>
    <Filter Include="src\Plugins\glad">
      <UniqueIdentifier>{b53da055-0a3f-428a-b89d-dcdb6469977c}</UniqueIdentifier>
    </Filter>
    <Filter Include="src\Browser\Components\Transfrom">
      <UniqueIdentifier>{6eb2511c-5343-411d-a5d4-11ad71522bd8}</UniqueIdentifier>
    </Filter>
    <Filter Include="src\Browser\Components\Mesh">
      <UniqueIdentifier>{b92940ab-9de6-4322-961b-27806d3bf5ad}</UniqueIdentifier>
    </Filter>
    <Filter Include="src\Common\System\Cache">
      <UniqueIdentifier>{e9e4fbe4-f94e-4854-8c12-ee336aa066a2}</UniqueIdentifier>
    </Filter>
    <Filter Include="src\Browser\Components\Event">
      <UniqueIdentifier>{bab64273-31a4-47c1-b247-2efe3a0c9d37}</UniqueIdentifier>
    </Filter>
    <Filter Include="src\Browser\Components\Camera">
      <UniqueIdentifier>{b4f4b9b8-4e60-4bab-8586-b9894b9d41d7}</UniqueIdentifier>
    </Filter>
    <Filter Include="src\Browser\Entitys">
      <UniqueIdentifier>{3e2ac61d-e24b-4c8e-a5a2-8d5c96b18fd5}</UniqueIdentifier>
    </Filter>
    <Filter Include="src\Browser\Components\BoundBox">
      <UniqueIdentifier>{e202359c-4dbb-450a-a573-53cff300e7dd}</UniqueIdentifier>
    </Filter>
    <Filter Include="src\Browser\Components\Light">
      <UniqueIdentifier>{465da903-baee-49dc-97be-871c08d01e7c}</UniqueIdentifier>
    </Filter>
    <Filter Include="src\Plugins\imgui">
      <UniqueIdentifier>{15b5b534-e0d9-48e6-952b-fed8388e1893}</UniqueIdentifier>
    </Filter>
    <Filter Include="src\Common\Tools\UI">
      <UniqueIdentifier>{e5fa9253-d6a4-4252-800f-58e25c5ed41b}</UniqueIdentifier>
    </Filter>
    <Filter Include="src\Browser\Components\Animation">
      <UniqueIdentifier>{f469d4db-d267-4f20-b41d-82d326160913}</UniqueIdentifier>
    </Filter>
    <Filter Include="src\Browser\Components\Render\Commands">
      <UniqueIdentifier>{155f9594-8b52-41a9-8160-3593101f9b84}</UniqueIdentifier>
    </Filter>
    <Filter Include="src\Browser\Components\Feedback">
      <UniqueIdentifier>{b4e24185-de44-4dbf-beaf-1fb1cac5c4f3}</UniqueIdentifier>
    </Filter>
    <Filter Include="src\Browser\Components\ComputePrgram">
      <UniqueIdentifier>{6a1f2088-f497-4f4b-8c97-b5aea459ed23}</UniqueIdentifier>
    </Filter>
    <Filter Include="src\Common\Tools\Thread">
      <UniqueIdentifier>{dbac6c91-c49f-44f1-91da-d38dab21ce53}</UniqueIdentifier>
    </Filter>
    <Filter Include="src\Core">
      <UniqueIdentifier>{2c2bcd93-c6d4-42e3-8aa4-88c356a1e70c}</UniqueIdentifier>
    </Filter>
    <Filter Include="src\GL\GPUResource">
      <UniqueIdentifier>{ff3cf808-f5c8-4852-9752-9682b054af51}</UniqueIdentifier>
    </Filter>
    <Filter Include="src\GL\System">
      <UniqueIdentifier>{28e0a7c2-e834-466a-a46d-feb9f0565284}</UniqueIdentifier>
    </Filter>
    <Filter Include="src\GL\GPUOperateCommand">
      <UniqueIdentifier>{e8e1d3be-2bb5-4c8f-a8ef-834eb7979087}</UniqueIdentifier>
    </Filter>
    <Filter Include="src\GL\GPUResource\Texture">
      <UniqueIdentifier>{cbcda010-3b54-40c4-863c-24324ea9d999}</UniqueIdentifier>
    </Filter>
    <Filter Include="src\GL\GPUResource\Shader">
      <UniqueIdentifier>{44f64740-112e-425e-baaf-d3a30d75bda1}</UniqueIdentifier>
    </Filter>
    <Filter Include="src\GL\GPUResource\Model">
      <UniqueIdentifier>{60e84619-e659-483f-9c22-47fcb778b21b}</UniqueIdentifier>
    </Filter>
  </ItemGroup>
  <ItemGroup>
    <ClCompile Include="src\main.cpp">
      <Filter>src</Filter>
    </ClCompile>
    <ClCompile Include="src\Browser\System\RenderSystem.cpp">
      <Filter>src\Browser\System</Filter>
    </ClCompile>
    <ClCompile Include="src\Browser\Components\Render\BaseRender.cpp">
      <Filter>src\Browser\Components\Render</Filter>
    </ClCompile>
    <ClCompile Include="src\Common\Tools\Utils.cpp">
      <Filter>src\Common\Tools</Filter>
    </ClCompile>
    <ClCompile Include="src\Common\System\AutoReleasePool.cpp">
      <Filter>src\Common\System</Filter>
    </ClCompile>
    <ClCompile Include="src\Common\Components\Reference.cpp">
      <Filter>src\Common\Components</Filter>
    </ClCompile>
    <ClCompile Include="src\Browser\Components\BaseComponent.cpp">
      <Filter>src\Browser\Components</Filter>
    </ClCompile>
    <ClCompile Include="src\Common\System\ECSManager.cpp">
      <Filter>src\Common\System</Filter>
    </ClCompile>
    <ClCompile Include="src\Browser\Entitys\BaseEntity.cpp">
      <Filter>src\Browser\Entitys</Filter>
    </ClCompile>
    <ClCompile Include="src\Plugins\glad\src\glad.c">
      <Filter>src\Plugins\glad</Filter>
    </ClCompile>
    <ClCompile Include="src\GL\GLDefine.cpp">
      <Filter>src\GL</Filter>
    </ClCompile>
    <ClCompile Include="src\Browser\Components\Transform\Transform.cpp">
      <Filter>src\Browser\Components\Transfrom</Filter>
    </ClCompile>
    <ClCompile Include="src\Browser\System\TransformSystem.cpp">
      <Filter>src\Browser\System</Filter>
    </ClCompile>
    <ClCompile Include="src\Browser\Components\Mesh\MeshFilter.cpp">
      <Filter>src\Browser\Components\Mesh</Filter>
    </ClCompile>
    <ClCompile Include="src\Browser\System\MeshSystem.cpp">
      <Filter>src\Browser\System</Filter>
    </ClCompile>
    <ClCompile Include="src\Common\System\Cache\GLProgramCache.cpp">
      <Filter>src\Common\System\Cache</Filter>
    </ClCompile>
    <ClCompile Include="src\Browser\Components\Event\ComponentEvent.cpp">
      <Filter>src\Browser\Components\Event</Filter>
    </ClCompile>
    <ClCompile Include="src\Common\Tools\FileUtils.cpp">
      <Filter>src\Common\Tools</Filter>
    </ClCompile>
    <ClCompile Include="src\Common\System\Cache\TextureCache.cpp">
      <Filter>src\Common\System\Cache</Filter>
    </ClCompile>
    <ClCompile Include="src\Browser\Components\Camera\Camera.cpp">
      <Filter>src\Browser\Components\Camera</Filter>
    </ClCompile>
    <ClCompile Include="src\Browser\System\CameraSystem.cpp">
      <Filter>src\Browser\System</Filter>
    </ClCompile>
    <ClCompile Include="src\GL\GLStateCache.cpp">
      <Filter>src\GL</Filter>
    </ClCompile>
    <ClCompile Include="src\Common\System\Cache\ModelCache.cpp">
      <Filter>src\Common\System\Cache</Filter>
    </ClCompile>
    <ClCompile Include="src\Browser\Components\BoundBox\AABBBoundBox.cpp">
      <Filter>src\Browser\Components\BoundBox</Filter>
    </ClCompile>
    <ClCompile Include="src\Browser\Components\BoundBox\BaseBoundBox.cpp">
      <Filter>src\Browser\Components\BoundBox</Filter>
    </ClCompile>
    <ClCompile Include="src\Browser\System\BoundBoxSystem.cpp">
      <Filter>src\Browser\System</Filter>
    </ClCompile>
    <ClCompile Include="src\Browser\Components\Light\BaseLight.cpp">
      <Filter>src\Browser\Components\Light</Filter>
    </ClCompile>
    <ClCompile Include="src\Browser\Components\Light\DirectionalLight.cpp">
      <Filter>src\Browser\Components\Light</Filter>
    </ClCompile>
    <ClCompile Include="src\Browser\Components\Light\PointLight.cpp">
      <Filter>src\Browser\Components\Light</Filter>
    </ClCompile>
    <ClCompile Include="src\Browser\Components\Light\SpotLight.cpp">
      <Filter>src\Browser\Components\Light</Filter>
    </ClCompile>
    <ClCompile Include="src\Browser\System\LightSystem.cpp">
      <Filter>src\Browser\System</Filter>
    </ClCompile>
    <ClCompile Include="src\Plugins\imgui\imgui_draw.cpp">
      <Filter>src\Plugins\imgui</Filter>
    </ClCompile>
    <ClCompile Include="src\Plugins\imgui\imgui.cpp">
      <Filter>src\Plugins\imgui</Filter>
    </ClCompile>
    <ClCompile Include="src\Common\Tools\UI\GUIFramework.cpp">
      <Filter>src\Common\Tools\UI</Filter>
    </ClCompile>
    <ClCompile Include="src\Common\Tools\UI\BaseGUIPanel.cpp">
      <Filter>src\Common\Tools\UI</Filter>
    </ClCompile>
    <ClCompile Include="src\Plugins\imgui\imgui_impl_glfw_gl3.cpp">
      <Filter>src\Plugins\imgui</Filter>
    </ClCompile>
    <ClCompile Include="src\Common\Tools\UI\InspectorPanel.cpp">
      <Filter>src\Common\Tools\UI</Filter>
    </ClCompile>
    <ClCompile Include="src\Common\Tools\UI\HierarchyPanel.cpp">
      <Filter>src\Common\Tools\UI</Filter>
    </ClCompile>
    <ClCompile Include="src\Common\Tools\UI\GameStatusPanel.cpp">
      <Filter>src\Common\Tools\UI</Filter>
    </ClCompile>
    <ClCompile Include="src\Browser\Components\Animation\Animator.cpp">
      <Filter>src\Browser\Components\Animation</Filter>
    </ClCompile>
    <ClCompile Include="src\Browser\System\AnimationSystem.cpp">
      <Filter>src\Browser\System</Filter>
    </ClCompile>
    <ClCompile Include="src\Browser\Components\Render\SkinnedMeshRenderer.cpp">
      <Filter>src\Browser\Components\Render</Filter>
    </ClCompile>
    <ClCompile Include="src\Common\System\Cache\MaterialCache.cpp">
      <Filter>src\Common\System\Cache</Filter>
    </ClCompile>
    <ClCompile Include="src\Browser\Components\Render\Commands\BaseRenderCommand.cpp">
      <Filter>src\Browser\Components\Render\Commands</Filter>
    </ClCompile>
    <ClCompile Include="src\Browser\Components\Render\Commands\SkinnedRenderCommand.cpp">
      <Filter>src\Browser\Components\Render\Commands</Filter>
    </ClCompile>
    <ClCompile Include="src\Common\Tools\BinaryFileUtils.cpp">
      <Filter>src\Common\Tools</Filter>
    </ClCompile>
    <ClCompile Include="src\Browser\Components\Feedback\BaseFeedback.cpp">
      <Filter>src\Browser\Components\Feedback</Filter>
    </ClCompile>
    <ClCompile Include="src\GL\GLFeedback.cpp">
      <Filter>src\GL</Filter>
    </ClCompile>
    <ClCompile Include="src\Browser\System\FeedbackSystem.cpp">
      <Filter>src\Browser\System</Filter>
    </ClCompile>
    <ClCompile Include="src\Browser\Components\Feedback\AnimatorFeedback.cpp">
      <Filter>src\Browser\Components\Feedback</Filter>
    </ClCompile>
    <ClCompile Include="src\GL\GLComputeProgram.cpp">
      <Filter>src\GL</Filter>
    </ClCompile>
    <ClCompile Include="src\Browser\Components\ComputeProgram\BaseComputeProgram.cpp">
      <Filter>src\Browser\Components\ComputePrgram</Filter>
    </ClCompile>
    <ClCompile Include="src\Browser\Components\ComputeProgram\AnimatorComputeProgram.cpp">
      <Filter>src\Browser\Components\ComputePrgram</Filter>
    </ClCompile>
    <ClCompile Include="src\GL\AssimpConvert.cpp">
      <Filter>src\GL</Filter>
    </ClCompile>
    <ClCompile Include="src\Common\Tools\Thread\BaseThreadPool.cpp">
      <Filter>src\Common\Tools\Thread</Filter>
    </ClCompile>
    <ClCompile Include="src\Common\Tools\Thread\BaseThread.cpp">
      <Filter>src\Common\Tools\Thread</Filter>
    </ClCompile>
    <ClCompile Include="src\Core\RenderCore.cpp">
      <Filter>src\Core</Filter>
    </ClCompile>
    <ClCompile Include="src\Core\LogicCore.cpp">
      <Filter>src\Core</Filter>
    </ClCompile>
    <ClCompile Include="src\Core\Application.cpp">
      <Filter>src\Core</Filter>
    </ClCompile>
    <ClCompile Include="src\GL\GPUResource\BaseGPUResource.cpp">
      <Filter>src\GL\GPUResource</Filter>
    </ClCompile>
    <ClCompile Include="src\GL\System\GPUOperateSystem.cpp">
      <Filter>src\GL\System</Filter>
    </ClCompile>
    <ClCompile Include="src\GL\GPUOperateCommand\BaseGPUOperateCommand.cpp">
      <Filter>src\GL\GPUOperateCommand</Filter>
    </ClCompile>
    <ClCompile Include="src\GL\GPUOperateCommand\GPUOperateCommandPool.cpp">
      <Filter>src\GL\GPUOperateCommand</Filter>
    </ClCompile>
    <ClCompile Include="src\GL\GPUOperateCommand\GPUOperateTexture2DCommand.cpp">
      <Filter>src\GL\GPUOperateCommand</Filter>
    </ClCompile>
    <ClCompile Include="src\GL\GPUResource\Model\Model.cpp">
      <Filter>src\GL\GPUResource\Model</Filter>
    </ClCompile>
    <ClCompile Include="src\GL\GPUResource\Model\Skeleton.cpp">
      <Filter>src\GL\GPUResource\Model</Filter>
    </ClCompile>
    <ClCompile Include="src\GL\GPUResource\Model\SkeletonAnimation.cpp">
      <Filter>src\GL\GPUResource\Model</Filter>
    </ClCompile>
    <ClCompile Include="src\GL\GPUResource\Shader\Material.cpp">
      <Filter>src\GL\GPUResource\Shader</Filter>
    </ClCompile>
    <ClCompile Include="src\GL\GPUResource\Shader\Pass.cpp">
      <Filter>src\GL\GPUResource\Shader</Filter>
    </ClCompile>
    <ClCompile Include="src\GL\GPUResource\Shader\GLProgram.cpp">
      <Filter>src\GL\GPUResource\Shader</Filter>
    </ClCompile>
    <ClCompile Include="src\GL\GPUResource\Texture\Texture2D.cpp">
      <Filter>src\GL\GPUResource\Texture</Filter>
    </ClCompile>
    <ClCompile Include="src\GL\GPUResource\Texture\Image.cpp">
      <Filter>src\GL\GPUResource\Texture</Filter>
    </ClCompile>
    <ClCompile Include="src\GL\GPUResource\Model\Mesh.cpp">
      <Filter>src\GL\GPUResource\Model</Filter>
    </ClCompile>
    <ClCompile Include="src\GL\GPUOperateCommand\GPUOperateGLProgramCommand.cpp">
      <Filter>src\GL\GPUOperateCommand</Filter>
    </ClCompile>
    <ClCompile Include="src\GL\GPUResource\Shader\MaterialManager.cpp">
      <Filter>src\GL\GPUResource\Shader</Filter>
    </ClCompile>
  </ItemGroup>
  <ItemGroup>
    <ClInclude Include="src\GL\GLDefine.h">
      <Filter>src\GL</Filter>
    </ClInclude>
    <ClInclude Include="src\Browser\System\RenderSystem.h">
      <Filter>src\Browser\System</Filter>
    </ClInclude>
    <ClInclude Include="src\Browser\Components\Render\BaseRender.h">
      <Filter>src\Browser\Components\Render</Filter>
    </ClInclude>
    <ClInclude Include="src\Common\Tools\Utils.h">
      <Filter>src\Common\Tools</Filter>
    </ClInclude>
    <ClInclude Include="src\Common\System\AutoReleasePool.h">
      <Filter>src\Common\System</Filter>
    </ClInclude>
    <ClInclude Include="src\Common\Components\Reference.h">
      <Filter>src\Common\Components</Filter>
    </ClInclude>
    <ClInclude Include="src\Browser\Components\BaseComponent.h">
      <Filter>src\Browser\Components</Filter>
    </ClInclude>
    <ClInclude Include="src\Common\System\BaseSystem.h">
      <Filter>src\Common\System</Filter>
    </ClInclude>
    <ClInclude Include="src\Common\System\ECSManager.h">
      <Filter>src\Common\System</Filter>
    </ClInclude>
    <ClInclude Include="src\Browser\Entitys\BaseEntity.h">
      <Filter>src\Browser\Entitys</Filter>
    </ClInclude>
    <ClInclude Include="src\Common\CommonDefine.h">
      <Filter>src\Common</Filter>
    </ClInclude>
    <ClInclude Include="src\Browser\Components\Transform\Transform.h">
      <Filter>src\Browser\Components\Transfrom</Filter>
    </ClInclude>
    <ClInclude Include="src\Browser\System\TransformSystem.h">
      <Filter>src\Browser\System</Filter>
    </ClInclude>
    <ClInclude Include="src\Browser\Components\Mesh\MeshFilter.h">
      <Filter>src\Browser\Components\Mesh</Filter>
    </ClInclude>
    <ClInclude Include="src\Browser\System\MeshSystem.h">
      <Filter>src\Browser\System</Filter>
    </ClInclude>
    <ClInclude Include="src\Common\System\Cache\GLProgramCache.h">
      <Filter>src\Common\System\Cache</Filter>
    </ClInclude>
    <ClInclude Include="src\Browser\Components\Event\ComponentEvent.h">
      <Filter>src\Browser\Components\Event</Filter>
    </ClInclude>
    <ClInclude Include="src\Common\System\Cache\BaseCache.h">
      <Filter>src\Common\System\Cache</Filter>
    </ClInclude>
    <ClInclude Include="src\Common\Tools\BaseSingleton.h">
      <Filter>src\Common\Tools</Filter>
    </ClInclude>
    <ClInclude Include="src\Common\Tools\FileUtils.h">
      <Filter>src\Common\Tools</Filter>
    </ClInclude>
    <ClInclude Include="src\Common\System\Cache\TextureCache.h">
      <Filter>src\Common\System\Cache</Filter>
    </ClInclude>
    <ClInclude Include="src\Common\System\Cache\BaseAsyncLoader.h">
      <Filter>src\Common\System\Cache</Filter>
    </ClInclude>
    <ClInclude Include="src\Browser\Components\Camera\Camera.h">
      <Filter>src\Browser\Components\Camera</Filter>
    </ClInclude>
    <ClInclude Include="src\Browser\System\CameraSystem.h">
      <Filter>src\Browser\System</Filter>
    </ClInclude>
    <ClInclude Include="src\GL\GLStateCache.h">
      <Filter>src\GL</Filter>
    </ClInclude>
    <ClInclude Include="src\Common\System\Cache\ModelCache.h">
      <Filter>src\Common\System\Cache</Filter>
    </ClInclude>
    <ClInclude Include="src\Browser\Components\BoundBox\AABBBoundBox.h">
      <Filter>src\Browser\Components\BoundBox</Filter>
    </ClInclude>
    <ClInclude Include="src\Browser\Components\BoundBox\BaseBoundBox.h">
      <Filter>src\Browser\Components\BoundBox</Filter>
    </ClInclude>
    <ClInclude Include="src\Browser\System\BoundBoxSystem.h">
      <Filter>src\Browser\System</Filter>
    </ClInclude>
    <ClInclude Include="src\Browser\Components\Light\BaseLight.h">
      <Filter>src\Browser\Components\Light</Filter>
    </ClInclude>
    <ClInclude Include="src\Browser\Components\Light\DirectionalLight.h">
      <Filter>src\Browser\Components\Light</Filter>
    </ClInclude>
    <ClInclude Include="src\Browser\Components\Light\PointLight.h">
      <Filter>src\Browser\Components\Light</Filter>
    </ClInclude>
    <ClInclude Include="src\Browser\Components\Light\SpotLight.h">
      <Filter>src\Browser\Components\Light</Filter>
    </ClInclude>
    <ClInclude Include="src\Browser\System\LightSystem.h">
      <Filter>src\Browser\System</Filter>
    </ClInclude>
    <ClInclude Include="src\Common\Tools\UI\GUIFramework.h">
      <Filter>src\Common\Tools\UI</Filter>
    </ClInclude>
    <ClInclude Include="src\Common\Tools\UI\BaseGUIPanel.h">
      <Filter>src\Common\Tools\UI</Filter>
    </ClInclude>
    <ClInclude Include="src\Common\Tools\UI\InspectorPanel.h">
      <Filter>src\Common\Tools\UI</Filter>
    </ClInclude>
    <ClInclude Include="src\Common\Tools\UI\HierarchyPanel.h">
      <Filter>src\Common\Tools\UI</Filter>
    </ClInclude>
    <ClInclude Include="src\Common\Tools\UI\GameStatusPanel.h">
      <Filter>src\Common\Tools\UI</Filter>
    </ClInclude>
    <ClInclude Include="src\GL\Assimp.h">
      <Filter>src\GL</Filter>
    </ClInclude>
    <ClInclude Include="src\GL\Rescale.h">
      <Filter>src\GL</Filter>
    </ClInclude>
    <ClInclude Include="src\Browser\Components\Animation\Animator.h">
      <Filter>src\Browser\Components\Animation</Filter>
    </ClInclude>
    <ClInclude Include="src\Browser\System\AnimationSystem.h">
      <Filter>src\Browser\System</Filter>
    </ClInclude>
    <ClInclude Include="src\Browser\Components\Render\SkinnedMeshRenderer.h">
      <Filter>src\Browser\Components\Render</Filter>
    </ClInclude>
    <ClInclude Include="src\Common\System\Cache\MaterialCache.h">
      <Filter>src\Common\System\Cache</Filter>
    </ClInclude>
    <ClInclude Include="src\Browser\Components\Render\Commands\BaseRenderCommand.h">
      <Filter>src\Browser\Components\Render\Commands</Filter>
    </ClInclude>
    <ClInclude Include="src\Browser\Components\Render\Commands\SkinnedRenderCommand.h">
      <Filter>src\Browser\Components\Render\Commands</Filter>
    </ClInclude>
    <ClInclude Include="src\Common\Tools\BinaryFileUtils.h">
      <Filter>src\Common\Tools</Filter>
    </ClInclude>
    <ClInclude Include="src\Browser\Components\Feedback\BaseFeedback.h">
      <Filter>src\Browser\Components\Feedback</Filter>
    </ClInclude>
    <ClInclude Include="src\GL\GLFeedback.h">
      <Filter>src\GL</Filter>
    </ClInclude>
    <ClInclude Include="src\Browser\System\FeedbackSystem.h">
      <Filter>src\Browser\System</Filter>
    </ClInclude>
    <ClInclude Include="src\Browser\Components\Feedback\AnimatorFeedback.h">
      <Filter>src\Browser\Components\Feedback</Filter>
    </ClInclude>
    <ClInclude Include="src\GL\GLComputeProgram.h">
      <Filter>src\GL</Filter>
    </ClInclude>
    <ClInclude Include="src\Browser\Components\ComputeProgram\BaseComputeProgram.h">
      <Filter>src\Browser\Components\ComputePrgram</Filter>
    </ClInclude>
    <ClInclude Include="src\Browser\Components\ComputeProgram\AnimatorComputeProgram.h">
      <Filter>src\Browser\Components\ComputePrgram</Filter>
    </ClInclude>
    <ClInclude Include="src\GL\AssimpConvert.h">
      <Filter>src\GL</Filter>
    </ClInclude>
    <ClInclude Include="src\Common\Tools\Thread\BaseThread.h">
      <Filter>src\Common\Tools\Thread</Filter>
    </ClInclude>
    <ClInclude Include="src\Common\Tools\Thread\BaseThreadPool.h">
      <Filter>src\Common\Tools\Thread</Filter>
    </ClInclude>
    <ClInclude Include="src\Core\RenderCore.h">
      <Filter>src\Core</Filter>
    </ClInclude>
    <ClInclude Include="src\Core\Application.h">
      <Filter>src\Core</Filter>
    </ClInclude>
    <ClInclude Include="src\Core\LogicCore.h">
      <Filter>src\Core</Filter>
    </ClInclude>
    <ClInclude Include="src\GL\GPUResource\BaseGPUResource.h">
      <Filter>src\GL\GPUResource</Filter>
    </ClInclude>
    <ClInclude Include="src\Common\System\Cache\BaseLoader.h">
      <Filter>src\Common\System\Cache</Filter>
    </ClInclude>
    <ClInclude Include="src\GL\System\GPUOperateSystem.h">
      <Filter>src\GL\System</Filter>
    </ClInclude>
    <ClInclude Include="src\GL\GPUOperateCommand\BaseGPUOperateCommand.h">
      <Filter>src\GL\GPUOperateCommand</Filter>
    </ClInclude>
    <ClInclude Include="src\GL\GPUOperateCommand\GPUOperateCommandPool.h">
      <Filter>src\GL\GPUOperateCommand</Filter>
    </ClInclude>
    <ClInclude Include="src\GL\GPUOperateCommand\GPUOperateTexture2DCommand.h">
      <Filter>src\GL\GPUOperateCommand</Filter>
    </ClInclude>
    <ClInclude Include="src\GL\GPUResource\Model\Model.h">
      <Filter>src\GL\GPUResource\Model</Filter>
    </ClInclude>
    <ClInclude Include="src\GL\GPUResource\Model\Skeleton.h">
      <Filter>src\GL\GPUResource\Model</Filter>
    </ClInclude>
    <ClInclude Include="src\GL\GPUResource\Model\SkeletonAnimation.h">
      <Filter>src\GL\GPUResource\Model</Filter>
    </ClInclude>
    <ClInclude Include="src\GL\GPUResource\Shader\Material.h">
      <Filter>src\GL\GPUResource\Shader</Filter>
    </ClInclude>
    <ClInclude Include="src\GL\GPUResource\Shader\Pass.h">
      <Filter>src\GL\GPUResource\Shader</Filter>
    </ClInclude>
    <ClInclude Include="src\GL\GPUResource\Shader\GLProgram.h">
      <Filter>src\GL\GPUResource\Shader</Filter>
    </ClInclude>
    <ClInclude Include="src\GL\GPUResource\Texture\Texture2D.h">
      <Filter>src\GL\GPUResource\Texture</Filter>
    </ClInclude>
    <ClInclude Include="src\GL\GPUResource\Texture\Image.h">
      <Filter>src\GL\GPUResource\Texture</Filter>
    </ClInclude>
    <ClInclude Include="src\GL\GPUResource\Model\Mesh.h">
      <Filter>src\GL\GPUResource\Model</Filter>
    </ClInclude>
    <ClInclude Include="src\GL\GPUOperateCommand\GPUOperateGLProgramCommand.h">
      <Filter>src\GL\GPUOperateCommand</Filter>
    </ClInclude>
    <ClInclude Include="src\GL\GPUResource\Shader\MaterialManager.h">
      <Filter>src\GL\GPUResource\Shader</Filter>
    </ClInclude>
  </ItemGroup>
</Project>